{
  "originHash" : "c027fa9ff9c1f0dd842ae30e04154e14f255e8f44d221529b3a4ab9eb29514e6",
  "pins" : [
    {
      "identity" : "grape",
      "kind" : "remoteSourceControl",
      "location" : "https://github.com/li3zhen1/Grape",
      "state" : {
        "revision" : "f1e05b9026851f2804f0a88b3324cef666fbdead",
        "version" : "0.7.5"
      }
    },
    {
      "identity" : "presentationzen",
      "kind" : "remoteSourceControl",
      "location" : "https://github.com/dyerlab/PresentationZen",
      "state" : {
        "revision" : "03f6cbb1807e29a0d8caba7acd40135253b795d6",
        "version" : "1.0.8"
      }
    }
  ],
  "version" : 3
}
