// !$*UTF8*$!
{
	archiveVersion = 1;
	classes = {
	};
	objectVersion = 56;
	objects = {

/* Begin PBXBuildFile section */
		2A12E1C02AF7FB68002B66C7 /* IBGDView.swift in Sources */ = {isa = PBXBuildFile; fileRef = 2A12E1BF2AF7FB68002B66C7 /* IBGDView.swift */; };
		2A12E1C22AF7FBDC002B66C7 /* Matrix.swift in Sources */ = {isa = PBXBuildFile; fileRef = 2A12E1C12AF7FBDC002B66C7 /* Matrix.swift */; };
		2A12E1C42AF8E2A8002B66C7 /* PointChartData.swift in Sources */ = {isa = PBXBuildFile; fileRef = 2A12E1C32AF8E2A8002B66C7 /* PointChartData.swift */; };
		2A12E1C72AF8EDFB002B66C7 /* Correlation.swift in Sources */ = {isa = PBXBuildFile; fileRef = 2A12E1C62AF8EDFB002B66C7 /* Correlation.swift */; };
		2A12E1C92AF8EE43002B66C7 /* CorrelationType.swift in Sources */ = {isa = PBXBuildFile; fileRef = 2A12E1C82AF8EE43002B66C7 /* CorrelationType.swift */; };
		2A12E1CC2AF8F239002B66C7 /* CorrelationView.swift in Sources */ = {isa = PBXBuildFile; fileRef = 2A12E1CB2AF8F239002B66C7 /* CorrelationView.swift */; };
		2A4DFCD42AFA4A23001D3988 /* IsolationScatterPlot.swift in Sources */ = {isa = PBXBuildFile; fileRef = 2A4DFCD32AFA4A23001D3988 /* IsolationScatterPlot.swift */; };
		2A4DFCD62AFA4BA1001D3988 /* AdjacencyMatrix.swift in Sources */ = {isa = PBXBuildFile; fileRef = 2A4DFCD52AFA4BA1001D3988 /* AdjacencyMatrix.swift */; };
		2A4DFCD82AFA4C6A001D3988 /* EuclideanDistance.swift in Sources */ = {isa = PBXBuildFile; fileRef = 2A4DFCD72AFA4C6A001D3988 /* EuclideanDistance.swift */; };
		2A4DFCE32AFA637D001D3988 /* Color.swift in Sources */ = {isa = PBXBuildFile; fileRef = 2A4DFCE22AFA637D001D3988 /* Color.swift */; };
		2A4DFCEB2AFA8F61001D3988 /* SKNode.swift in Sources */ = {isa = PBXBuildFile; fileRef = 2A4DFCEA2AFA8F61001D3988 /* SKNode.swift */; };
		2A4DFCED2AFA975A001D3988 /* Notification.swift in Sources */ = {isa = PBXBuildFile; fileRef = 2A4DFCEC2AFA975A001D3988 /* Notification.swift */; };
		2A73645B2AF66A7600F549DA /* MapsPage.swift in Sources */ = {isa = PBXBuildFile; fileRef = 2A73645A2AF66A7600F549DA /* MapsPage.swift */; };
		2A73645E2AF66BBD00F549DA /* Location.swift in Sources */ = {isa = PBXBuildFile; fileRef = 2A73645D2AF66BBD00F549DA /* Location.swift */; };
		2A7364602AF66D3100F549DA /* GraphMap.swift in Sources */ = {isa = PBXBuildFile; fileRef = 2A73645F2AF66D3100F549DA /* GraphMap.swift */; };
		2A7364622AF66F8D00F549DA /* EdgeCurve.swift in Sources */ = {isa = PBXBuildFile; fileRef = 2A7364612AF66F8D00F549DA /* EdgeCurve.swift */; };
		2A7364642AF673DC00F549DA /* Array+Edge.swift in Sources */ = {isa = PBXBuildFile; fileRef = 2A7364632AF673DC00F549DA /* Array+Edge.swift */; };
		2A808AAE2AF509AC00A8B464 /* popgraphApp.swift in Sources */ = {isa = PBXBuildFile; fileRef = 2A808AAD2AF509AC00A8B464 /* popgraphApp.swift */; };
		2A808AB02AF509AC00A8B464 /* ContentView.swift in Sources */ = {isa = PBXBuildFile; fileRef = 2A808AAF2AF509AC00A8B464 /* ContentView.swift */; };
		2A808AB42AF509AE00A8B464 /* Assets.xcassets in Resources */ = {isa = PBXBuildFile; fileRef = 2A808AB32AF509AE00A8B464 /* Assets.xcassets */; };
		2A808AB82AF509AE00A8B464 /* Preview Assets.xcassets in Resources */ = {isa = PBXBuildFile; fileRef = 2A808AB72AF509AE00A8B464 /* Preview Assets.xcassets */; };
		2A808AC22AF509AE00A8B464 /* popgraphTests.swift in Sources */ = {isa = PBXBuildFile; fileRef = 2A808AC12AF509AE00A8B464 /* popgraphTests.swift */; };
		2A808ACC2AF509AE00A8B464 /* popgraphUITests.swift in Sources */ = {isa = PBXBuildFile; fileRef = 2A808ACB2AF509AE00A8B464 /* popgraphUITests.swift */; };
		2A808ACE2AF509AE00A8B464 /* popgraphUITestsLaunchTests.swift in Sources */ = {isa = PBXBuildFile; fileRef = 2A808ACD2AF509AE00A8B464 /* popgraphUITestsLaunchTests.swift */; };
		2A808ADC2AF50A2700A8B464 /* Node.swift in Sources */ = {isa = PBXBuildFile; fileRef = 2A808ADB2AF50A2700A8B464 /* Node.swift */; };
		2A808ADE2AF50A8B00A8B464 /* Edge.swift in Sources */ = {isa = PBXBuildFile; fileRef = 2A808ADD2AF50A8B00A8B464 /* Edge.swift */; };
		2A808AE82AF50CB900A8B464 /* TitlePage.swift in Sources */ = {isa = PBXBuildFile; fileRef = 2A808AE72AF50CB900A8B464 /* TitlePage.swift */; };
		2A808AEE2AF51BF900A8B464 /* NodeView.swift in Sources */ = {isa = PBXBuildFile; fileRef = 2A808AED2AF51BF900A8B464 /* NodeView.swift */; };
		2A808AF02AF51C0600A8B464 /* EdgeView.swift in Sources */ = {isa = PBXBuildFile; fileRef = 2A808AEF2AF51C0600A8B464 /* EdgeView.swift */; };
		2A808AF32AF51FB400A8B464 /* NodeDetail.swift in Sources */ = {isa = PBXBuildFile; fileRef = 2A808AF22AF51FB400A8B464 /* NodeDetail.swift */; };
		2A808AF52AF5250C00A8B464 /* Data.swift in Sources */ = {isa = PBXBuildFile; fileRef = 2A808AF42AF5250C00A8B464 /* Data.swift */; };
		2A808AF72AF52D1100A8B464 /* NodeEditor.swift in Sources */ = {isa = PBXBuildFile; fileRef = 2A808AF62AF52D1100A8B464 /* NodeEditor.swift */; };
		2A808AF92AF5362500A8B464 /* NodeListView.swift in Sources */ = {isa = PBXBuildFile; fileRef = 2A808AF82AF5362500A8B464 /* NodeListView.swift */; };
		2A808AFC2AF53DAB00A8B464 /* ModelContext.swift in Sources */ = {isa = PBXBuildFile; fileRef = 2A808AFB2AF53DAB00A8B464 /* ModelContext.swift */; };
		2A808AFF2AF54A0500A8B464 /* EdgesListView.swift in Sources */ = {isa = PBXBuildFile; fileRef = 2A808AFE2AF54A0500A8B464 /* EdgesListView.swift */; };
		2A808B012AF54A1000A8B464 /* EdgesDetailView.swift in Sources */ = {isa = PBXBuildFile; fileRef = 2A808B002AF54A1000A8B464 /* EdgesDetailView.swift */; };
		2A808B032AF54A1A00A8B464 /* EdgesEditView.swift in Sources */ = {isa = PBXBuildFile; fileRef = 2A808B022AF54A1A00A8B464 /* EdgesEditView.swift */; };
		2A808B052AF56CEF00A8B464 /* Array+Node.swift in Sources */ = {isa = PBXBuildFile; fileRef = 2A808B042AF56CEF00A8B464 /* Array+Node.swift */; };
		2AB429AB2B04DD130012D0E7 /* PGEdge.swift in Sources */ = {isa = PBXBuildFile; fileRef = 2AB429A92B04DD130012D0E7 /* PGEdge.swift */; };
		2AB429AC2B04DD130012D0E7 /* PGNode.swift in Sources */ = {isa = PBXBuildFile; fileRef = 2AB429AA2B04DD130012D0E7 /* PGNode.swift */; };
		2AB429B12B04DD550012D0E7 /* PopgraphView.swift in Sources */ = {isa = PBXBuildFile; fileRef = 2AB429AE2B04DD550012D0E7 /* PopgraphView.swift */; };
		2AB429B22B04DD550012D0E7 /* PGScene.swift in Sources */ = {isa = PBXBuildFile; fileRef = 2AB429AF2B04DD550012D0E7 /* PGScene.swift */; };
		2AB429B32B04DD550012D0E7 /* PGView.swift in Sources */ = {isa = PBXBuildFile; fileRef = 2AB429B02B04DD550012D0E7 /* PGView.swift */; };
		2AB429B62B04DD730012D0E7 /* Array+PGNode.swift in Sources */ = {isa = PBXBuildFile; fileRef = 2AB429B42B04DD730012D0E7 /* Array+PGNode.swift */; };
		2AB429B72B04DD730012D0E7 /* CGPoint.swift in Sources */ = {isa = PBXBuildFile; fileRef = 2AB429B52B04DD730012D0E7 /* CGPoint.swift */; };
		2AB429B92B04DDC10012D0E7 /* SpringLayout.swift in Sources */ = {isa = PBXBuildFile; fileRef = 2AB429B82B04DDC10012D0E7 /* SpringLayout.swift */; };
		2AB429BB2B04DDD40012D0E7 /* ShiftDirection.swift in Sources */ = {isa = PBXBuildFile; fileRef = 2AB429BA2B04DDD40012D0E7 /* ShiftDirection.swift */; };
		2AB429BE2B04E0270012D0E7 /* PGFactory.swift in Sources */ = {isa = PBXBuildFile; fileRef = 2AB429BD2B04E0270012D0E7 /* PGFactory.swift */; };
		2AB5B8682B04EBD000C46C38 /* ScrollWheelEventView.swift in Sources */ = {isa = PBXBuildFile; fileRef = 2AB5B8672B04EBD000C46C38 /* ScrollWheelEventView.swift */; };
		2ABDDEC82AF990EC0073077C /* AnalysisTypes.swift in Sources */ = {isa = PBXBuildFile; fileRef = 2ABDDEC72AF990EC0073077C /* AnalysisTypes.swift */; };
		2ABDDECB2AF995120073077C /* ScatterPlot.swift in Sources */ = {isa = PBXBuildFile; fileRef = 2ABDDECA2AF995120073077C /* ScatterPlot.swift */; };
		2AC9D04A2AF79EF30038A685 /* Graph.swift in Sources */ = {isa = PBXBuildFile; fileRef = 2AC9D0492AF79EF30038A685 /* Graph.swift */; };
		2AC9D04E2AF7A5FE0038A685 /* DLMatrix in Frameworks */ = {isa = PBXBuildFile; productRef = 2AC9D04D2AF7A5FE0038A685 /* DLMatrix */; };
		2AC9D0532AF7AC7C0038A685 /* CentralityType.swift in Sources */ = {isa = PBXBuildFile; fileRef = 2AC9D0522AF7AC7C0038A685 /* CentralityType.swift */; };
		2AC9D0552AF7AD1B0038A685 /* ShortestPath.swift in Sources */ = {isa = PBXBuildFile; fileRef = 2AC9D0542AF7AD1B0038A685 /* ShortestPath.swift */; };
		2AC9D0572AF7B1450038A685 /* ShortestPathsTests.swift in Sources */ = {isa = PBXBuildFile; fileRef = 2AC9D0562AF7B1450038A685 /* ShortestPathsTests.swift */; };
		2AC9D0592AF7B8CC0038A685 /* DegreeCentrality.swift in Sources */ = {isa = PBXBuildFile; fileRef = 2AC9D0582AF7B8CC0038A685 /* DegreeCentrality.swift */; };
		2AC9D05B2AF7BACC0038A685 /* BetweenessCentrality.swift in Sources */ = {isa = PBXBuildFile; fileRef = 2AC9D05A2AF7BACC0038A685 /* BetweenessCentrality.swift */; };
		2AC9D05D2AF7BF280038A685 /* ClosenessCentrality.swift in Sources */ = {isa = PBXBuildFile; fileRef = 2AC9D05C2AF7BF280038A685 /* ClosenessCentrality.swift */; };
		2ADA8B362AF9007900EC34DA /* GraphPage.swift in Sources */ = {isa = PBXBuildFile; fileRef = 2ADA8B352AF9007900EC34DA /* GraphPage.swift */; };
		2ADA8B382AF9010700EC34DA /* GraphMetaData.swift in Sources */ = {isa = PBXBuildFile; fileRef = 2ADA8B372AF9010700EC34DA /* GraphMetaData.swift */; };
		2ADA8B3A2AF908A400EC34DA /* GraphTests.swift in Sources */ = {isa = PBXBuildFile; fileRef = 2ADA8B392AF908A400EC34DA /* GraphTests.swift */; };
		2ADCAB392AF9356400530CE8 /* PermutationDensityPlot.swift in Sources */ = {isa = PBXBuildFile; fileRef = 2ADCAB382AF9356400530CE8 /* PermutationDensityPlot.swift */; };
		2ADCAB3B2AF94A3F00530CE8 /* NodeGraph.swift in Sources */ = {isa = PBXBuildFile; fileRef = 2ADCAB3A2AF94A3F00530CE8 /* NodeGraph.swift */; };
		2ADDD8102AF92E1700B1A18C /* Vector.swift in Sources */ = {isa = PBXBuildFile; fileRef = 2ADDD80F2AF92E1700B1A18C /* Vector.swift */; };
/* End PBXBuildFile section */

/* Begin PBXContainerItemProxy section */
		2A808ABE2AF509AE00A8B464 /* PBXContainerItemProxy */ = {
			isa = PBXContainerItemProxy;
			containerPortal = 2A808AA22AF509AC00A8B464 /* Project object */;
			proxyType = 1;
			remoteGlobalIDString = 2A808AA92AF509AC00A8B464;
			remoteInfo = popgraph;
		};
		2A808AC82AF509AE00A8B464 /* PBXContainerItemProxy */ = {
			isa = PBXContainerItemProxy;
			containerPortal = 2A808AA22AF509AC00A8B464 /* Project object */;
			proxyType = 1;
			remoteGlobalIDString = 2A808AA92AF509AC00A8B464;
			remoteInfo = popgraph;
		};
/* End PBXContainerItemProxy section */

/* Begin PBXFileReference section */
		2A12E1BF2AF7FB68002B66C7 /* IBGDView.swift */ = {isa = PBXFileReference; lastKnownFileType = sourcecode.swift; path = IBGDView.swift; sourceTree = "<group>"; };
		2A12E1C12AF7FBDC002B66C7 /* Matrix.swift */ = {isa = PBXFileReference; lastKnownFileType = sourcecode.swift; path = Matrix.swift; sourceTree = "<group>"; };
		2A12E1C32AF8E2A8002B66C7 /* PointChartData.swift */ = {isa = PBXFileReference; lastKnownFileType = sourcecode.swift; path = PointChartData.swift; sourceTree = "<group>"; };
		2A12E1C62AF8EDFB002B66C7 /* Correlation.swift */ = {isa = PBXFileReference; lastKnownFileType = sourcecode.swift; path = Correlation.swift; sourceTree = "<group>"; };
		2A12E1C82AF8EE43002B66C7 /* CorrelationType.swift */ = {isa = PBXFileReference; lastKnownFileType = sourcecode.swift; path = CorrelationType.swift; sourceTree = "<group>"; };
		2A12E1CB2AF8F239002B66C7 /* CorrelationView.swift */ = {isa = PBXFileReference; lastKnownFileType = sourcecode.swift; path = CorrelationView.swift; sourceTree = "<group>"; };
		2A4DFCD32AFA4A23001D3988 /* IsolationScatterPlot.swift */ = {isa = PBXFileReference; lastKnownFileType = sourcecode.swift; path = IsolationScatterPlot.swift; sourceTree = "<group>"; };
		2A4DFCD52AFA4BA1001D3988 /* AdjacencyMatrix.swift */ = {isa = PBXFileReference; lastKnownFileType = sourcecode.swift; path = AdjacencyMatrix.swift; sourceTree = "<group>"; };
		2A4DFCD72AFA4C6A001D3988 /* EuclideanDistance.swift */ = {isa = PBXFileReference; lastKnownFileType = sourcecode.swift; path = EuclideanDistance.swift; sourceTree = "<group>"; };
		2A4DFCE22AFA637D001D3988 /* Color.swift */ = {isa = PBXFileReference; lastKnownFileType = sourcecode.swift; path = Color.swift; sourceTree = "<group>"; };
		2A4DFCEA2AFA8F61001D3988 /* SKNode.swift */ = {isa = PBXFileReference; lastKnownFileType = sourcecode.swift; path = SKNode.swift; sourceTree = "<group>"; };
		2A4DFCEC2AFA975A001D3988 /* Notification.swift */ = {isa = PBXFileReference; lastKnownFileType = sourcecode.swift; path = Notification.swift; sourceTree = "<group>"; };
		2A73645A2AF66A7600F549DA /* MapsPage.swift */ = {isa = PBXFileReference; lastKnownFileType = sourcecode.swift; path = MapsPage.swift; sourceTree = "<group>"; };
		2A73645D2AF66BBD00F549DA /* Location.swift */ = {isa = PBXFileReference; lastKnownFileType = sourcecode.swift; path = Location.swift; sourceTree = "<group>"; };
		2A73645F2AF66D3100F549DA /* GraphMap.swift */ = {isa = PBXFileReference; lastKnownFileType = sourcecode.swift; path = GraphMap.swift; sourceTree = "<group>"; };
		2A7364612AF66F8D00F549DA /* EdgeCurve.swift */ = {isa = PBXFileReference; lastKnownFileType = sourcecode.swift; path = EdgeCurve.swift; sourceTree = "<group>"; };
		2A7364632AF673DC00F549DA /* Array+Edge.swift */ = {isa = PBXFileReference; lastKnownFileType = sourcecode.swift; path = "Array+Edge.swift"; sourceTree = "<group>"; };
		2A808AAA2AF509AC00A8B464 /* popgraph.app */ = {isa = PBXFileReference; explicitFileType = wrapper.application; includeInIndex = 0; path = popgraph.app; sourceTree = BUILT_PRODUCTS_DIR; };
		2A808AAD2AF509AC00A8B464 /* popgraphApp.swift */ = {isa = PBXFileReference; lastKnownFileType = sourcecode.swift; path = popgraphApp.swift; sourceTree = "<group>"; };
		2A808AAF2AF509AC00A8B464 /* ContentView.swift */ = {isa = PBXFileReference; lastKnownFileType = sourcecode.swift; path = ContentView.swift; sourceTree = "<group>"; };
		2A808AB32AF509AE00A8B464 /* Assets.xcassets */ = {isa = PBXFileReference; lastKnownFileType = folder.assetcatalog; path = Assets.xcassets; sourceTree = "<group>"; };
		2A808AB52AF509AE00A8B464 /* popgraph.entitlements */ = {isa = PBXFileReference; lastKnownFileType = text.plist.entitlements; path = popgraph.entitlements; sourceTree = "<group>"; };
		2A808AB72AF509AE00A8B464 /* Preview Assets.xcassets */ = {isa = PBXFileReference; lastKnownFileType = folder.assetcatalog; path = "Preview Assets.xcassets"; sourceTree = "<group>"; };
		2A808ABD2AF509AE00A8B464 /* popgraphTests.xctest */ = {isa = PBXFileReference; explicitFileType = wrapper.cfbundle; includeInIndex = 0; path = popgraphTests.xctest; sourceTree = BUILT_PRODUCTS_DIR; };
		2A808AC12AF509AE00A8B464 /* popgraphTests.swift */ = {isa = PBXFileReference; lastKnownFileType = sourcecode.swift; path = popgraphTests.swift; sourceTree = "<group>"; };
		2A808AC72AF509AE00A8B464 /* popgraphUITests.xctest */ = {isa = PBXFileReference; explicitFileType = wrapper.cfbundle; includeInIndex = 0; path = popgraphUITests.xctest; sourceTree = BUILT_PRODUCTS_DIR; };
		2A808ACB2AF509AE00A8B464 /* popgraphUITests.swift */ = {isa = PBXFileReference; lastKnownFileType = sourcecode.swift; path = popgraphUITests.swift; sourceTree = "<group>"; };
		2A808ACD2AF509AE00A8B464 /* popgraphUITestsLaunchTests.swift */ = {isa = PBXFileReference; lastKnownFileType = sourcecode.swift; path = popgraphUITestsLaunchTests.swift; sourceTree = "<group>"; };
		2A808ADB2AF50A2700A8B464 /* Node.swift */ = {isa = PBXFileReference; lastKnownFileType = sourcecode.swift; path = Node.swift; sourceTree = "<group>"; };
		2A808ADD2AF50A8B00A8B464 /* Edge.swift */ = {isa = PBXFileReference; lastKnownFileType = sourcecode.swift; path = Edge.swift; sourceTree = "<group>"; };
		2A808AE72AF50CB900A8B464 /* TitlePage.swift */ = {isa = PBXFileReference; lastKnownFileType = sourcecode.swift; path = TitlePage.swift; sourceTree = "<group>"; };
		2A808AED2AF51BF900A8B464 /* NodeView.swift */ = {isa = PBXFileReference; lastKnownFileType = sourcecode.swift; path = NodeView.swift; sourceTree = "<group>"; };
		2A808AEF2AF51C0600A8B464 /* EdgeView.swift */ = {isa = PBXFileReference; lastKnownFileType = sourcecode.swift; path = EdgeView.swift; sourceTree = "<group>"; };
		2A808AF22AF51FB400A8B464 /* NodeDetail.swift */ = {isa = PBXFileReference; lastKnownFileType = sourcecode.swift; path = NodeDetail.swift; sourceTree = "<group>"; };
		2A808AF42AF5250C00A8B464 /* Data.swift */ = {isa = PBXFileReference; lastKnownFileType = sourcecode.swift; path = Data.swift; sourceTree = "<group>"; };
		2A808AF62AF52D1100A8B464 /* NodeEditor.swift */ = {isa = PBXFileReference; lastKnownFileType = sourcecode.swift; path = NodeEditor.swift; sourceTree = "<group>"; };
		2A808AF82AF5362500A8B464 /* NodeListView.swift */ = {isa = PBXFileReference; lastKnownFileType = sourcecode.swift; path = NodeListView.swift; sourceTree = "<group>"; };
		2A808AFB2AF53DAB00A8B464 /* ModelContext.swift */ = {isa = PBXFileReference; lastKnownFileType = sourcecode.swift; path = ModelContext.swift; sourceTree = "<group>"; };
		2A808AFE2AF54A0500A8B464 /* EdgesListView.swift */ = {isa = PBXFileReference; lastKnownFileType = sourcecode.swift; path = EdgesListView.swift; sourceTree = "<group>"; };
		2A808B002AF54A1000A8B464 /* EdgesDetailView.swift */ = {isa = PBXFileReference; lastKnownFileType = sourcecode.swift; path = EdgesDetailView.swift; sourceTree = "<group>"; };
		2A808B022AF54A1A00A8B464 /* EdgesEditView.swift */ = {isa = PBXFileReference; lastKnownFileType = sourcecode.swift; path = EdgesEditView.swift; sourceTree = "<group>"; };
		2A808B042AF56CEF00A8B464 /* Array+Node.swift */ = {isa = PBXFileReference; lastKnownFileType = sourcecode.swift; path = "Array+Node.swift"; sourceTree = "<group>"; };
		2AB429A92B04DD130012D0E7 /* PGEdge.swift */ = {isa = PBXFileReference; fileEncoding = 4; lastKnownFileType = sourcecode.swift; path = PGEdge.swift; sourceTree = "<group>"; };
		2AB429AA2B04DD130012D0E7 /* PGNode.swift */ = {isa = PBXFileReference; fileEncoding = 4; lastKnownFileType = sourcecode.swift; path = PGNode.swift; sourceTree = "<group>"; };
		2AB429AE2B04DD550012D0E7 /* PopgraphView.swift */ = {isa = PBXFileReference; fileEncoding = 4; lastKnownFileType = sourcecode.swift; path = PopgraphView.swift; sourceTree = "<group>"; };
		2AB429AF2B04DD550012D0E7 /* PGScene.swift */ = {isa = PBXFileReference; fileEncoding = 4; lastKnownFileType = sourcecode.swift; path = PGScene.swift; sourceTree = "<group>"; };
		2AB429B02B04DD550012D0E7 /* PGView.swift */ = {isa = PBXFileReference; fileEncoding = 4; lastKnownFileType = sourcecode.swift; path = PGView.swift; sourceTree = "<group>"; };
		2AB429B42B04DD730012D0E7 /* Array+PGNode.swift */ = {isa = PBXFileReference; fileEncoding = 4; lastKnownFileType = sourcecode.swift; path = "Array+PGNode.swift"; sourceTree = "<group>"; };
		2AB429B52B04DD730012D0E7 /* CGPoint.swift */ = {isa = PBXFileReference; fileEncoding = 4; lastKnownFileType = sourcecode.swift; path = CGPoint.swift; sourceTree = "<group>"; };
		2AB429B82B04DDC10012D0E7 /* SpringLayout.swift */ = {isa = PBXFileReference; fileEncoding = 4; lastKnownFileType = sourcecode.swift; path = SpringLayout.swift; sourceTree = "<group>"; };
		2AB429BA2B04DDD40012D0E7 /* ShiftDirection.swift */ = {isa = PBXFileReference; fileEncoding = 4; lastKnownFileType = sourcecode.swift; path = ShiftDirection.swift; sourceTree = "<group>"; };
		2AB429BD2B04E0270012D0E7 /* PGFactory.swift */ = {isa = PBXFileReference; lastKnownFileType = sourcecode.swift; path = PGFactory.swift; sourceTree = "<group>"; };
		2AB5B8672B04EBD000C46C38 /* ScrollWheelEventView.swift */ = {isa = PBXFileReference; lastKnownFileType = sourcecode.swift; path = ScrollWheelEventView.swift; sourceTree = "<group>"; };
		2ABDDEC72AF990EC0073077C /* AnalysisTypes.swift */ = {isa = PBXFileReference; lastKnownFileType = sourcecode.swift; path = AnalysisTypes.swift; sourceTree = "<group>"; };
		2ABDDECA2AF995120073077C /* ScatterPlot.swift */ = {isa = PBXFileReference; lastKnownFileType = sourcecode.swift; path = ScatterPlot.swift; sourceTree = "<group>"; };
		2AC9D0492AF79EF30038A685 /* Graph.swift */ = {isa = PBXFileReference; lastKnownFileType = sourcecode.swift; path = Graph.swift; sourceTree = "<group>"; };
		2AC9D0522AF7AC7C0038A685 /* CentralityType.swift */ = {isa = PBXFileReference; lastKnownFileType = sourcecode.swift; path = CentralityType.swift; sourceTree = "<group>"; };
		2AC9D0542AF7AD1B0038A685 /* ShortestPath.swift */ = {isa = PBXFileReference; lastKnownFileType = sourcecode.swift; path = ShortestPath.swift; sourceTree = "<group>"; };
		2AC9D0562AF7B1450038A685 /* ShortestPathsTests.swift */ = {isa = PBXFileReference; lastKnownFileType = sourcecode.swift; path = ShortestPathsTests.swift; sourceTree = "<group>"; };
		2AC9D0582AF7B8CC0038A685 /* DegreeCentrality.swift */ = {isa = PBXFileReference; lastKnownFileType = sourcecode.swift; path = DegreeCentrality.swift; sourceTree = "<group>"; };
		2AC9D05A2AF7BACC0038A685 /* BetweenessCentrality.swift */ = {isa = PBXFileReference; lastKnownFileType = sourcecode.swift; path = BetweenessCentrality.swift; sourceTree = "<group>"; };
		2AC9D05C2AF7BF280038A685 /* ClosenessCentrality.swift */ = {isa = PBXFileReference; lastKnownFileType = sourcecode.swift; path = ClosenessCentrality.swift; sourceTree = "<group>"; };
		2ADA8B352AF9007900EC34DA /* GraphPage.swift */ = {isa = PBXFileReference; lastKnownFileType = sourcecode.swift; path = GraphPage.swift; sourceTree = "<group>"; };
		2ADA8B372AF9010700EC34DA /* GraphMetaData.swift */ = {isa = PBXFileReference; lastKnownFileType = sourcecode.swift; path = GraphMetaData.swift; sourceTree = "<group>"; };
		2ADA8B392AF908A400EC34DA /* GraphTests.swift */ = {isa = PBXFileReference; lastKnownFileType = sourcecode.swift; path = GraphTests.swift; sourceTree = "<group>"; };
		2ADCAB382AF9356400530CE8 /* PermutationDensityPlot.swift */ = {isa = PBXFileReference; lastKnownFileType = sourcecode.swift; path = PermutationDensityPlot.swift; sourceTree = "<group>"; };
		2ADCAB3A2AF94A3F00530CE8 /* NodeGraph.swift */ = {isa = PBXFileReference; lastKnownFileType = sourcecode.swift; path = NodeGraph.swift; sourceTree = "<group>"; };
		2ADDD80F2AF92E1700B1A18C /* Vector.swift */ = {isa = PBXFileReference; lastKnownFileType = sourcecode.swift; path = Vector.swift; sourceTree = "<group>"; };
/* End PBXFileReference section */

/* Begin PBXFrameworksBuildPhase section */
		2A808AA72AF509AC00A8B464 /* Frameworks */ = {
			isa = PBXFrameworksBuildPhase;
			buildActionMask = 2147483647;
			files = (
				2AC9D04E2AF7A5FE0038A685 /* DLMatrix in Frameworks */,
			);
			runOnlyForDeploymentPostprocessing = 0;
		};
		2A808ABA2AF509AE00A8B464 /* Frameworks */ = {
			isa = PBXFrameworksBuildPhase;
			buildActionMask = 2147483647;
			files = (
			);
			runOnlyForDeploymentPostprocessing = 0;
		};
		2A808AC42AF509AE00A8B464 /* Frameworks */ = {
			isa = PBXFrameworksBuildPhase;
			buildActionMask = 2147483647;
			files = (
			);
			runOnlyForDeploymentPostprocessing = 0;
		};
/* End PBXFrameworksBuildPhase section */

/* Begin PBXGroup section */
		2A12E1C52AF8E2AD002B66C7 /* Chart */ = {
			isa = PBXGroup;
			children = (
				2A12E1C32AF8E2A8002B66C7 /* PointChartData.swift */,
			);
			path = Chart;
			sourceTree = "<group>";
		};
		2A12E1CA2AF8EE63002B66C7 /* Statistics */ = {
			isa = PBXGroup;
			children = (
				2A12E1C62AF8EDFB002B66C7 /* Correlation.swift */,
				2A12E1C82AF8EE43002B66C7 /* CorrelationType.swift */,
			);
			path = Statistics;
			sourceTree = "<group>";
		};
		2A12E1CF2AF8F7F4002B66C7 /* Statistics */ = {
			isa = PBXGroup;
			children = (
				2A12E1CB2AF8F239002B66C7 /* CorrelationView.swift */,
				2ADCAB382AF9356400530CE8 /* PermutationDensityPlot.swift */,
			);
			path = Statistics;
			sourceTree = "<group>";
		};
		2A4DFCD92AFA5732001D3988 /* Graph Visualization */ = {
			isa = PBXGroup;
			children = (
			);
			path = "Graph Visualization";
			sourceTree = "<group>";
		};
		2A7364582AF66A5300F549DA /* MapsView */ = {
			isa = PBXGroup;
			children = (
				2A73645A2AF66A7600F549DA /* MapsPage.swift */,
				2A73645F2AF66D3100F549DA /* GraphMap.swift */,
				2ADCAB3A2AF94A3F00530CE8 /* NodeGraph.swift */,
			);
			path = MapsView;
			sourceTree = "<group>";
		};
		2A7364592AF66A5E00F549DA /* GraphViews */ = {
			isa = PBXGroup;
			children = (
				2ADA8B352AF9007900EC34DA /* GraphPage.swift */,
				2ADA8B372AF9010700EC34DA /* GraphMetaData.swift */,
				2A4DFCD32AFA4A23001D3988 /* IsolationScatterPlot.swift */,
				2A12E1BF2AF7FB68002B66C7 /* IBGDView.swift */,
			);
			path = GraphViews;
			sourceTree = "<group>";
		};
		2A73645C2AF66BAB00F549DA /* Spatial */ = {
			isa = PBXGroup;
			children = (
				2A73645D2AF66BBD00F549DA /* Location.swift */,
				2A7364612AF66F8D00F549DA /* EdgeCurve.swift */,
			);
			path = Spatial;
			sourceTree = "<group>";
		};
		2A808AA12AF509AC00A8B464 = {
			isa = PBXGroup;
			children = (
				2A808AAC2AF509AC00A8B464 /* popgraph */,
				2A808AC02AF509AE00A8B464 /* popgraphTests */,
				2A808ACA2AF509AE00A8B464 /* popgraphUITests */,
				2A808AAB2AF509AC00A8B464 /* Products */,
			);
			sourceTree = "<group>";
		};
		2A808AAB2AF509AC00A8B464 /* Products */ = {
			isa = PBXGroup;
			children = (
				2A808AAA2AF509AC00A8B464 /* popgraph.app */,
				2A808ABD2AF509AE00A8B464 /* popgraphTests.xctest */,
				2A808AC72AF509AE00A8B464 /* popgraphUITests.xctest */,
			);
			name = Products;
			sourceTree = "<group>";
		};
		2A808AAC2AF509AC00A8B464 /* popgraph */ = {
			isa = PBXGroup;
			children = (
				2A808AAD2AF509AC00A8B464 /* popgraphApp.swift */,
				2A808AAF2AF509AC00A8B464 /* ContentView.swift */,
				2A808ADA2AF50A1800A8B464 /* Models */,
				2A808ADF2AF50B3B00A8B464 /* Views */,
				2A808AB32AF509AE00A8B464 /* Assets.xcassets */,
				2A808AB52AF509AE00A8B464 /* popgraph.entitlements */,
				2A808AB62AF509AE00A8B464 /* Preview Content */,
			);
			path = popgraph;
			sourceTree = "<group>";
		};
		2A808AB62AF509AE00A8B464 /* Preview Content */ = {
			isa = PBXGroup;
			children = (
				2A808AB72AF509AE00A8B464 /* Preview Assets.xcassets */,
			);
			path = "Preview Content";
			sourceTree = "<group>";
		};
		2A808AC02AF509AE00A8B464 /* popgraphTests */ = {
			isa = PBXGroup;
			children = (
				2A808AC12AF509AE00A8B464 /* popgraphTests.swift */,
				2AC9D0562AF7B1450038A685 /* ShortestPathsTests.swift */,
				2ADA8B392AF908A400EC34DA /* GraphTests.swift */,
			);
			path = popgraphTests;
			sourceTree = "<group>";
		};
		2A808ACA2AF509AE00A8B464 /* popgraphUITests */ = {
			isa = PBXGroup;
			children = (
				2A808ACB2AF509AE00A8B464 /* popgraphUITests.swift */,
				2A808ACD2AF509AE00A8B464 /* popgraphUITestsLaunchTests.swift */,
			);
			path = popgraphUITests;
			sourceTree = "<group>";
		};
		2A808ADA2AF50A1800A8B464 /* Models */ = {
			isa = PBXGroup;
			children = (
				2A808AF42AF5250C00A8B464 /* Data.swift */,
				2ABDDEC42AF98FB50073077C /* Analyses */,
				2AC9D04F2AF7A8ED0038A685 /* Algorithms */,
				2A12E1C52AF8E2AD002B66C7 /* Chart */,
				2A808AE42AF50B9A00A8B464 /* Edge */,
				2A808AFA2AF53D9D00A8B464 /* Extensions */,
				2AB429BC2B04E0170012D0E7 /* Factories */,
				2AC9D04B2AF7A4FA0038A685 /* Graph */,
				2A808AE32AF50B9400A8B464 /* Node */,
				2AB429A82B04DCE50012D0E7 /* PopGraph */,
				2A73645C2AF66BAB00F549DA /* Spatial */,
				2A12E1CA2AF8EE63002B66C7 /* Statistics */,
			);
			path = Models;
			sourceTree = "<group>";
		};
		2A808ADF2AF50B3B00A8B464 /* Views */ = {
			isa = PBXGroup;
			children = (
				2ABDDEC92AF995060073077C /* Charts */,
				2A808AFD2AF549E700A8B464 /* EdgesView */,
				2A7364592AF66A5E00F549DA /* GraphViews */,
				2A4DFCD92AFA5732001D3988 /* Graph Visualization */,
				2A7364582AF66A5300F549DA /* MapsView */,
				2A808AF12AF51F9500A8B464 /* NodesView */,
				2AB429AD2B04DD2A0012D0E7 /* PopGraph */,
				2A12E1CF2AF8F7F4002B66C7 /* Statistics */,
				2A808AE72AF50CB900A8B464 /* TitlePage.swift */,
			);
			path = Views;
			sourceTree = "<group>";
		};
		2A808AE32AF50B9400A8B464 /* Node */ = {
			isa = PBXGroup;
			children = (
				2A808ADB2AF50A2700A8B464 /* Node.swift */,
			);
			path = Node;
			sourceTree = "<group>";
		};
		2A808AE42AF50B9A00A8B464 /* Edge */ = {
			isa = PBXGroup;
			children = (
				2A808ADD2AF50A8B00A8B464 /* Edge.swift */,
			);
			path = Edge;
			sourceTree = "<group>";
		};
		2A808AF12AF51F9500A8B464 /* NodesView */ = {
			isa = PBXGroup;
			children = (
				2A808AED2AF51BF900A8B464 /* NodeView.swift */,
				2A808AF82AF5362500A8B464 /* NodeListView.swift */,
				2A808AF22AF51FB400A8B464 /* NodeDetail.swift */,
				2A808AF62AF52D1100A8B464 /* NodeEditor.swift */,
			);
			path = NodesView;
			sourceTree = "<group>";
		};
		2A808AFA2AF53D9D00A8B464 /* Extensions */ = {
			isa = PBXGroup;
			children = (
				2A7364632AF673DC00F549DA /* Array+Edge.swift */,
				2A808B042AF56CEF00A8B464 /* Array+Node.swift */,
				2AB429B42B04DD730012D0E7 /* Array+PGNode.swift */,
				2AB429B52B04DD730012D0E7 /* CGPoint.swift */,
				2A4DFCE22AFA637D001D3988 /* Color.swift */,
				2A12E1C12AF7FBDC002B66C7 /* Matrix.swift */,
				2A808AFB2AF53DAB00A8B464 /* ModelContext.swift */,
				2A4DFCEC2AFA975A001D3988 /* Notification.swift */,
				2A4DFCEA2AFA8F61001D3988 /* SKNode.swift */,
				2ADDD80F2AF92E1700B1A18C /* Vector.swift */,
			);
			path = Extensions;
			sourceTree = "<group>";
		};
		2A808AFD2AF549E700A8B464 /* EdgesView */ = {
			isa = PBXGroup;
			children = (
				2A808AEF2AF51C0600A8B464 /* EdgeView.swift */,
				2A808AFE2AF54A0500A8B464 /* EdgesListView.swift */,
				2A808B002AF54A1000A8B464 /* EdgesDetailView.swift */,
				2A808B022AF54A1A00A8B464 /* EdgesEditView.swift */,
			);
			path = EdgesView;
			sourceTree = "<group>";
		};
		2AB429A82B04DCE50012D0E7 /* PopGraph */ = {
			isa = PBXGroup;
			children = (
				2AB429BA2B04DDD40012D0E7 /* ShiftDirection.swift */,
				2AB429A92B04DD130012D0E7 /* PGEdge.swift */,
				2AB429AA2B04DD130012D0E7 /* PGNode.swift */,
			);
			path = PopGraph;
			sourceTree = "<group>";
		};
		2AB429AD2B04DD2A0012D0E7 /* PopGraph */ = {
			isa = PBXGroup;
			children = (
				2AB5B8672B04EBD000C46C38 /* ScrollWheelEventView.swift */,
				2AB429AE2B04DD550012D0E7 /* PopgraphView.swift */,
				2AB429AF2B04DD550012D0E7 /* PGScene.swift */,
				2AB429B02B04DD550012D0E7 /* PGView.swift */,
			);
			path = PopGraph;
			sourceTree = "<group>";
		};
		2AB429BC2B04E0170012D0E7 /* Factories */ = {
			isa = PBXGroup;
			children = (
				2AB429BD2B04E0270012D0E7 /* PGFactory.swift */,
			);
			path = Factories;
			sourceTree = "<group>";
		};
		2ABDDEC42AF98FB50073077C /* Analyses */ = {
			isa = PBXGroup;
			children = (
				2ABDDEC72AF990EC0073077C /* AnalysisTypes.swift */,
			);
			path = Analyses;
			sourceTree = "<group>";
		};
		2ABDDEC92AF995060073077C /* Charts */ = {
			isa = PBXGroup;
			children = (
				2ABDDECA2AF995120073077C /* ScatterPlot.swift */,
			);
			path = Charts;
			sourceTree = "<group>";
		};
		2AC9D04B2AF7A4FA0038A685 /* Graph */ = {
			isa = PBXGroup;
			children = (
				2AC9D0492AF79EF30038A685 /* Graph.swift */,
			);
			path = Graph;
			sourceTree = "<group>";
		};
		2AC9D04F2AF7A8ED0038A685 /* Algorithms */ = {
			isa = PBXGroup;
			children = (
				2AB429B82B04DDC10012D0E7 /* SpringLayout.swift */,
				2AC9D0542AF7AD1B0038A685 /* ShortestPath.swift */,
				2AC9D0522AF7AC7C0038A685 /* CentralityType.swift */,
				2A4DFCD52AFA4BA1001D3988 /* AdjacencyMatrix.swift */,
				2AC9D0582AF7B8CC0038A685 /* DegreeCentrality.swift */,
				2A4DFCD72AFA4C6A001D3988 /* EuclideanDistance.swift */,
				2AC9D05C2AF7BF280038A685 /* ClosenessCentrality.swift */,
				2AC9D05A2AF7BACC0038A685 /* BetweenessCentrality.swift */,
			);
			path = Algorithms;
			sourceTree = "<group>";
		};
/* End PBXGroup section */

/* Begin PBXNativeTarget section */
		2A808AA92AF509AC00A8B464 /* popgraph */ = {
			isa = PBXNativeTarget;
			buildConfigurationList = 2A808AD12AF509AE00A8B464 /* Build configuration list for PBXNativeTarget "popgraph" */;
			buildPhases = (
				2A808AA62AF509AC00A8B464 /* Sources */,
				2A808AA72AF509AC00A8B464 /* Frameworks */,
				2A808AA82AF509AC00A8B464 /* Resources */,
			);
			buildRules = (
			);
			dependencies = (
			);
			name = popgraph;
			packageProductDependencies = (
				2AC9D04D2AF7A5FE0038A685 /* DLMatrix */,
			);
			productName = popgraph;
			productReference = 2A808AAA2AF509AC00A8B464 /* popgraph.app */;
			productType = "com.apple.product-type.application";
		};
		2A808ABC2AF509AE00A8B464 /* popgraphTests */ = {
			isa = PBXNativeTarget;
			buildConfigurationList = 2A808AD42AF509AE00A8B464 /* Build configuration list for PBXNativeTarget "popgraphTests" */;
			buildPhases = (
				2A808AB92AF509AE00A8B464 /* Sources */,
				2A808ABA2AF509AE00A8B464 /* Frameworks */,
				2A808ABB2AF509AE00A8B464 /* Resources */,
			);
			buildRules = (
			);
			dependencies = (
				2A808ABF2AF509AE00A8B464 /* PBXTargetDependency */,
			);
			name = popgraphTests;
			productName = popgraphTests;
			productReference = 2A808ABD2AF509AE00A8B464 /* popgraphTests.xctest */;
			productType = "com.apple.product-type.bundle.unit-test";
		};
		2A808AC62AF509AE00A8B464 /* popgraphUITests */ = {
			isa = PBXNativeTarget;
			buildConfigurationList = 2A808AD72AF509AE00A8B464 /* Build configuration list for PBXNativeTarget "popgraphUITests" */;
			buildPhases = (
				2A808AC32AF509AE00A8B464 /* Sources */,
				2A808AC42AF509AE00A8B464 /* Frameworks */,
				2A808AC52AF509AE00A8B464 /* Resources */,
			);
			buildRules = (
			);
			dependencies = (
				2A808AC92AF509AE00A8B464 /* PBXTargetDependency */,
			);
			name = popgraphUITests;
			productName = popgraphUITests;
			productReference = 2A808AC72AF509AE00A8B464 /* popgraphUITests.xctest */;
			productType = "com.apple.product-type.bundle.ui-testing";
		};
/* End PBXNativeTarget section */

/* Begin PBXProject section */
		2A808AA22AF509AC00A8B464 /* Project object */ = {
			isa = PBXProject;
			attributes = {
				BuildIndependentTargetsInParallel = 1;
				LastSwiftUpdateCheck = 1500;
				LastUpgradeCheck = 1500;
				TargetAttributes = {
					2A808AA92AF509AC00A8B464 = {
						CreatedOnToolsVersion = 15.0;
					};
					2A808ABC2AF509AE00A8B464 = {
						CreatedOnToolsVersion = 15.0;
						TestTargetID = 2A808AA92AF509AC00A8B464;
					};
					2A808AC62AF509AE00A8B464 = {
						CreatedOnToolsVersion = 15.0;
						TestTargetID = 2A808AA92AF509AC00A8B464;
					};
				};
			};
			buildConfigurationList = 2A808AA52AF509AC00A8B464 /* Build configuration list for PBXProject "popgraph" */;
			compatibilityVersion = "Xcode 14.0";
			developmentRegion = en;
			hasScannedForEncodings = 0;
			knownRegions = (
				en,
				Base,
			);
			mainGroup = 2A808AA12AF509AC00A8B464;
			packageReferences = (
				2AC9D04C2AF7A5FE0038A685 /* XCRemoteSwiftPackageReference "dlmatrix" */,
			);
			productRefGroup = 2A808AAB2AF509AC00A8B464 /* Products */;
			projectDirPath = "";
			projectRoot = "";
			targets = (
				2A808AA92AF509AC00A8B464 /* popgraph */,
				2A808ABC2AF509AE00A8B464 /* popgraphTests */,
				2A808AC62AF509AE00A8B464 /* popgraphUITests */,
			);
		};
/* End PBXProject section */

/* Begin PBXResourcesBuildPhase section */
		2A808AA82AF509AC00A8B464 /* Resources */ = {
			isa = PBXResourcesBuildPhase;
			buildActionMask = 2147483647;
			files = (
				2A808AB82AF509AE00A8B464 /* Preview Assets.xcassets in Resources */,
				2A808AB42AF509AE00A8B464 /* Assets.xcassets in Resources */,
			);
			runOnlyForDeploymentPostprocessing = 0;
		};
		2A808ABB2AF509AE00A8B464 /* Resources */ = {
			isa = PBXResourcesBuildPhase;
			buildActionMask = 2147483647;
			files = (
			);
			runOnlyForDeploymentPostprocessing = 0;
		};
		2A808AC52AF509AE00A8B464 /* Resources */ = {
			isa = PBXResourcesBuildPhase;
			buildActionMask = 2147483647;
			files = (
			);
			runOnlyForDeploymentPostprocessing = 0;
		};
/* End PBXResourcesBuildPhase section */

/* Begin PBXSourcesBuildPhase section */
		2A808AA62AF509AC00A8B464 /* Sources */ = {
			isa = PBXSourcesBuildPhase;
			buildActionMask = 2147483647;
			files = (
				2AC9D05B2AF7BACC0038A685 /* BetweenessCentrality.swift in Sources */,
				2ADCAB3B2AF94A3F00530CE8 /* NodeGraph.swift in Sources */,
				2A808AB02AF509AC00A8B464 /* ContentView.swift in Sources */,
				2A4DFCD82AFA4C6A001D3988 /* EuclideanDistance.swift in Sources */,
				2AB429BB2B04DDD40012D0E7 /* ShiftDirection.swift in Sources */,
				2A808B052AF56CEF00A8B464 /* Array+Node.swift in Sources */,
				2A4DFCEB2AFA8F61001D3988 /* SKNode.swift in Sources */,
				2A7364622AF66F8D00F549DA /* EdgeCurve.swift in Sources */,
				2ADCAB392AF9356400530CE8 /* PermutationDensityPlot.swift in Sources */,
				2ADDD8102AF92E1700B1A18C /* Vector.swift in Sources */,
				2A12E1C02AF7FB68002B66C7 /* IBGDView.swift in Sources */,
				2ADA8B362AF9007900EC34DA /* GraphPage.swift in Sources */,
				2A12E1C92AF8EE43002B66C7 /* CorrelationType.swift in Sources */,
				2AB429AB2B04DD130012D0E7 /* PGEdge.swift in Sources */,
				2A808AFC2AF53DAB00A8B464 /* ModelContext.swift in Sources */,
				2A808AE82AF50CB900A8B464 /* TitlePage.swift in Sources */,
				2AB5B8682B04EBD000C46C38 /* ScrollWheelEventView.swift in Sources */,
				2AC9D0552AF7AD1B0038A685 /* ShortestPath.swift in Sources */,
				2AB429B62B04DD730012D0E7 /* Array+PGNode.swift in Sources */,
				2AB429B72B04DD730012D0E7 /* CGPoint.swift in Sources */,
				2A4DFCD62AFA4BA1001D3988 /* AdjacencyMatrix.swift in Sources */,
				2A12E1C42AF8E2A8002B66C7 /* PointChartData.swift in Sources */,
				2A4DFCE32AFA637D001D3988 /* Color.swift in Sources */,
				2ABDDEC82AF990EC0073077C /* AnalysisTypes.swift in Sources */,
				2AB429AC2B04DD130012D0E7 /* PGNode.swift in Sources */,
				2A808B032AF54A1A00A8B464 /* EdgesEditView.swift in Sources */,
				2A808AF52AF5250C00A8B464 /* Data.swift in Sources */,
				2A7364642AF673DC00F549DA /* Array+Edge.swift in Sources */,
				2A808B012AF54A1000A8B464 /* EdgesDetailView.swift in Sources */,
				2A12E1C72AF8EDFB002B66C7 /* Correlation.swift in Sources */,
				2AB429B92B04DDC10012D0E7 /* SpringLayout.swift in Sources */,
				2A808AAE2AF509AC00A8B464 /* popgraphApp.swift in Sources */,
				2A12E1CC2AF8F239002B66C7 /* CorrelationView.swift in Sources */,
				2AC9D04A2AF79EF30038A685 /* Graph.swift in Sources */,
				2A4DFCD42AFA4A23001D3988 /* IsolationScatterPlot.swift in Sources */,
				2A808AEE2AF51BF900A8B464 /* NodeView.swift in Sources */,
				2AB429B12B04DD550012D0E7 /* PopgraphView.swift in Sources */,
				2A808ADE2AF50A8B00A8B464 /* Edge.swift in Sources */,
				2A808AF72AF52D1100A8B464 /* NodeEditor.swift in Sources */,
				2A73645B2AF66A7600F549DA /* MapsPage.swift in Sources */,
				2AB429BE2B04E0270012D0E7 /* PGFactory.swift in Sources */,
				2AC9D05D2AF7BF280038A685 /* ClosenessCentrality.swift in Sources */,
				2A808AFF2AF54A0500A8B464 /* EdgesListView.swift in Sources */,
				2A73645E2AF66BBD00F549DA /* Location.swift in Sources */,
				2AC9D0532AF7AC7C0038A685 /* CentralityType.swift in Sources */,
				2AB429B32B04DD550012D0E7 /* PGView.swift in Sources */,
				2AB429B22B04DD550012D0E7 /* PGScene.swift in Sources */,
				2A808AF02AF51C0600A8B464 /* EdgeView.swift in Sources */,
				2A808AF92AF5362500A8B464 /* NodeListView.swift in Sources */,
				2AC9D0592AF7B8CC0038A685 /* DegreeCentrality.swift in Sources */,
				2A12E1C22AF7FBDC002B66C7 /* Matrix.swift in Sources */,
				2A7364602AF66D3100F549DA /* GraphMap.swift in Sources */,
				2ADA8B382AF9010700EC34DA /* GraphMetaData.swift in Sources */,
				2ABDDECB2AF995120073077C /* ScatterPlot.swift in Sources */,
				2A808AF32AF51FB400A8B464 /* NodeDetail.swift in Sources */,
				2A808ADC2AF50A2700A8B464 /* Node.swift in Sources */,
				2A4DFCED2AFA975A001D3988 /* Notification.swift in Sources */,
			);
			runOnlyForDeploymentPostprocessing = 0;
		};
		2A808AB92AF509AE00A8B464 /* Sources */ = {
			isa = PBXSourcesBuildPhase;
			buildActionMask = 2147483647;
			files = (
				2AC9D0572AF7B1450038A685 /* ShortestPathsTests.swift in Sources */,
				2ADA8B3A2AF908A400EC34DA /* GraphTests.swift in Sources */,
				2A808AC22AF509AE00A8B464 /* popgraphTests.swift in Sources */,
			);
			runOnlyForDeploymentPostprocessing = 0;
		};
		2A808AC32AF509AE00A8B464 /* Sources */ = {
			isa = PBXSourcesBuildPhase;
			buildActionMask = 2147483647;
			files = (
				2A808ACE2AF509AE00A8B464 /* popgraphUITestsLaunchTests.swift in Sources */,
				2A808ACC2AF509AE00A8B464 /* popgraphUITests.swift in Sources */,
			);
			runOnlyForDeploymentPostprocessing = 0;
		};
/* End PBXSourcesBuildPhase section */

/* Begin PBXTargetDependency section */
		2A808ABF2AF509AE00A8B464 /* PBXTargetDependency */ = {
			isa = PBXTargetDependency;
			target = 2A808AA92AF509AC00A8B464 /* popgraph */;
			targetProxy = 2A808ABE2AF509AE00A8B464 /* PBXContainerItemProxy */;
		};
		2A808AC92AF509AE00A8B464 /* PBXTargetDependency */ = {
			isa = PBXTargetDependency;
			target = 2A808AA92AF509AC00A8B464 /* popgraph */;
			targetProxy = 2A808AC82AF509AE00A8B464 /* PBXContainerItemProxy */;
		};
/* End PBXTargetDependency section */

/* Begin XCBuildConfiguration section */
		2A808ACF2AF509AE00A8B464 /* Debug */ = {
			isa = XCBuildConfiguration;
			buildSettings = {
				ALWAYS_SEARCH_USER_PATHS = NO;
				ASSETCATALOG_COMPILER_GENERATE_SWIFT_ASSET_SYMBOL_EXTENSIONS = YES;
				CLANG_ANALYZER_NONNULL = YES;
				CLANG_ANALYZER_NUMBER_OBJECT_CONVERSION = YES_AGGRESSIVE;
				CLANG_CXX_LANGUAGE_STANDARD = "gnu++20";
				CLANG_ENABLE_MODULES = YES;
				CLANG_ENABLE_OBJC_ARC = YES;
				CLANG_ENABLE_OBJC_WEAK = YES;
				CLANG_WARN_BLOCK_CAPTURE_AUTORELEASING = YES;
				CLANG_WARN_BOOL_CONVERSION = YES;
				CLANG_WARN_COMMA = YES;
				CLANG_WARN_CONSTANT_CONVERSION = YES;
				CLANG_WARN_DEPRECATED_OBJC_IMPLEMENTATIONS = YES;
				CLANG_WARN_DIRECT_OBJC_ISA_USAGE = YES_ERROR;
				CLANG_WARN_DOCUMENTATION_COMMENTS = YES;
				CLANG_WARN_EMPTY_BODY = YES;
				CLANG_WARN_ENUM_CONVERSION = YES;
				CLANG_WARN_INFINITE_RECURSION = YES;
				CLANG_WARN_INT_CONVERSION = YES;
				CLANG_WARN_NON_LITERAL_NULL_CONVERSION = YES;
				CLANG_WARN_OBJC_IMPLICIT_RETAIN_SELF = YES;
				CLANG_WARN_OBJC_LITERAL_CONVERSION = YES;
				CLANG_WARN_OBJC_ROOT_CLASS = YES_ERROR;
				CLANG_WARN_QUOTED_INCLUDE_IN_FRAMEWORK_HEADER = YES;
				CLANG_WARN_RANGE_LOOP_ANALYSIS = YES;
				CLANG_WARN_STRICT_PROTOTYPES = YES;
				CLANG_WARN_SUSPICIOUS_MOVE = YES;
				CLANG_WARN_UNGUARDED_AVAILABILITY = YES_AGGRESSIVE;
				CLANG_WARN_UNREACHABLE_CODE = YES;
				CLANG_WARN__DUPLICATE_METHOD_MATCH = YES;
				COPY_PHASE_STRIP = NO;
				DEBUG_INFORMATION_FORMAT = dwarf;
				ENABLE_STRICT_OBJC_MSGSEND = YES;
				ENABLE_TESTABILITY = YES;
				ENABLE_USER_SCRIPT_SANDBOXING = YES;
				GCC_C_LANGUAGE_STANDARD = gnu17;
				GCC_DYNAMIC_NO_PIC = NO;
				GCC_NO_COMMON_BLOCKS = YES;
				GCC_OPTIMIZATION_LEVEL = 0;
				GCC_PREPROCESSOR_DEFINITIONS = (
					"DEBUG=1",
					"$(inherited)",
				);
				GCC_WARN_64_TO_32_BIT_CONVERSION = YES;
				GCC_WARN_ABOUT_RETURN_TYPE = YES_ERROR;
				GCC_WARN_UNDECLARED_SELECTOR = YES;
				GCC_WARN_UNINITIALIZED_AUTOS = YES_AGGRESSIVE;
				GCC_WARN_UNUSED_FUNCTION = YES;
				GCC_WARN_UNUSED_VARIABLE = YES;
				IPHONEOS_DEPLOYMENT_TARGET = 17.0;
				LOCALIZATION_PREFERS_STRING_CATALOGS = YES;
				MACOSX_DEPLOYMENT_TARGET = 14.0;
				MTL_ENABLE_DEBUG_INFO = INCLUDE_SOURCE;
				MTL_FAST_MATH = YES;
				ONLY_ACTIVE_ARCH = YES;
				SWIFT_ACTIVE_COMPILATION_CONDITIONS = "DEBUG $(inherited)";
				SWIFT_OPTIMIZATION_LEVEL = "-Onone";
			};
			name = Debug;
		};
		2A808AD02AF509AE00A8B464 /* Release */ = {
			isa = XCBuildConfiguration;
			buildSettings = {
				ALWAYS_SEARCH_USER_PATHS = NO;
				ASSETCATALOG_COMPILER_GENERATE_SWIFT_ASSET_SYMBOL_EXTENSIONS = YES;
				CLANG_ANALYZER_NONNULL = YES;
				CLANG_ANALYZER_NUMBER_OBJECT_CONVERSION = YES_AGGRESSIVE;
				CLANG_CXX_LANGUAGE_STANDARD = "gnu++20";
				CLANG_ENABLE_MODULES = YES;
				CLANG_ENABLE_OBJC_ARC = YES;
				CLANG_ENABLE_OBJC_WEAK = YES;
				CLANG_WARN_BLOCK_CAPTURE_AUTORELEASING = YES;
				CLANG_WARN_BOOL_CONVERSION = YES;
				CLANG_WARN_COMMA = YES;
				CLANG_WARN_CONSTANT_CONVERSION = YES;
				CLANG_WARN_DEPRECATED_OBJC_IMPLEMENTATIONS = YES;
				CLANG_WARN_DIRECT_OBJC_ISA_USAGE = YES_ERROR;
				CLANG_WARN_DOCUMENTATION_COMMENTS = YES;
				CLANG_WARN_EMPTY_BODY = YES;
				CLANG_WARN_ENUM_CONVERSION = YES;
				CLANG_WARN_INFINITE_RECURSION = YES;
				CLANG_WARN_INT_CONVERSION = YES;
				CLANG_WARN_NON_LITERAL_NULL_CONVERSION = YES;
				CLANG_WARN_OBJC_IMPLICIT_RETAIN_SELF = YES;
				CLANG_WARN_OBJC_LITERAL_CONVERSION = YES;
				CLANG_WARN_OBJC_ROOT_CLASS = YES_ERROR;
				CLANG_WARN_QUOTED_INCLUDE_IN_FRAMEWORK_HEADER = YES;
				CLANG_WARN_RANGE_LOOP_ANALYSIS = YES;
				CLANG_WARN_STRICT_PROTOTYPES = YES;
				CLANG_WARN_SUSPICIOUS_MOVE = YES;
				CLANG_WARN_UNGUARDED_AVAILABILITY = YES_AGGRESSIVE;
				CLANG_WARN_UNREACHABLE_CODE = YES;
				CLANG_WARN__DUPLICATE_METHOD_MATCH = YES;
				COPY_PHASE_STRIP = NO;
				DEBUG_INFORMATION_FORMAT = "dwarf-with-dsym";
				ENABLE_NS_ASSERTIONS = NO;
				ENABLE_STRICT_OBJC_MSGSEND = YES;
				ENABLE_USER_SCRIPT_SANDBOXING = YES;
				GCC_C_LANGUAGE_STANDARD = gnu17;
				GCC_NO_COMMON_BLOCKS = YES;
				GCC_WARN_64_TO_32_BIT_CONVERSION = YES;
				GCC_WARN_ABOUT_RETURN_TYPE = YES_ERROR;
				GCC_WARN_UNDECLARED_SELECTOR = YES;
				GCC_WARN_UNINITIALIZED_AUTOS = YES_AGGRESSIVE;
				GCC_WARN_UNUSED_FUNCTION = YES;
				GCC_WARN_UNUSED_VARIABLE = YES;
				IPHONEOS_DEPLOYMENT_TARGET = 17.0;
				LOCALIZATION_PREFERS_STRING_CATALOGS = YES;
				MACOSX_DEPLOYMENT_TARGET = 14.0;
				MTL_ENABLE_DEBUG_INFO = NO;
				MTL_FAST_MATH = YES;
				SWIFT_COMPILATION_MODE = wholemodule;
			};
			name = Release;
		};
		2A808AD22AF509AE00A8B464 /* Debug */ = {
			isa = XCBuildConfiguration;
			buildSettings = {
				ASSETCATALOG_COMPILER_APPICON_NAME = AppIcon;
				ASSETCATALOG_COMPILER_GLOBAL_ACCENT_COLOR_NAME = AccentColor;
				CODE_SIGN_ENTITLEMENTS = popgraph/popgraph.entitlements;
				CODE_SIGN_STYLE = Automatic;
				CURRENT_PROJECT_VERSION = 1;
				DEVELOPMENT_ASSET_PATHS = "\"popgraph/Preview Content\"";
				DEVELOPMENT_TEAM = 3L9D67FVN7;
				ENABLE_HARDENED_RUNTIME = YES;
				ENABLE_PREVIEWS = YES;
				GENERATE_INFOPLIST_FILE = YES;
				"INFOPLIST_KEY_UIApplicationSceneManifest_Generation[sdk=iphoneos*]" = YES;
				"INFOPLIST_KEY_UIApplicationSceneManifest_Generation[sdk=iphonesimulator*]" = YES;
				"INFOPLIST_KEY_UIApplicationSupportsIndirectInputEvents[sdk=iphoneos*]" = YES;
				"INFOPLIST_KEY_UIApplicationSupportsIndirectInputEvents[sdk=iphonesimulator*]" = YES;
				"INFOPLIST_KEY_UILaunchScreen_Generation[sdk=iphoneos*]" = YES;
				"INFOPLIST_KEY_UILaunchScreen_Generation[sdk=iphonesimulator*]" = YES;
				"INFOPLIST_KEY_UIStatusBarStyle[sdk=iphoneos*]" = UIStatusBarStyleDefault;
				"INFOPLIST_KEY_UIStatusBarStyle[sdk=iphonesimulator*]" = UIStatusBarStyleDefault;
				INFOPLIST_KEY_UISupportedInterfaceOrientations_iPad = "UIInterfaceOrientationPortrait UIInterfaceOrientationPortraitUpsideDown UIInterfaceOrientationLandscapeLeft UIInterfaceOrientationLandscapeRight";
				INFOPLIST_KEY_UISupportedInterfaceOrientations_iPhone = "UIInterfaceOrientationPortrait UIInterfaceOrientationLandscapeLeft UIInterfaceOrientationLandscapeRight";
				IPHONEOS_DEPLOYMENT_TARGET = 17.0;
				LD_RUNPATH_SEARCH_PATHS = "@executable_path/Frameworks";
				"LD_RUNPATH_SEARCH_PATHS[sdk=macosx*]" = "@executable_path/../Frameworks";
				MACOSX_DEPLOYMENT_TARGET = 14.0;
				MARKETING_VERSION = 1.0;
				PRODUCT_BUNDLE_IDENTIFIER = com.dyerlab.popgraph;
				PRODUCT_NAME = "$(TARGET_NAME)";
				SDKROOT = auto;
				SUPPORTED_PLATFORMS = "iphoneos iphonesimulator macosx";
				SWIFT_EMIT_LOC_STRINGS = YES;
				SWIFT_VERSION = 5.0;
				TARGETED_DEVICE_FAMILY = "1,2";
			};
			name = Debug;
		};
		2A808AD32AF509AE00A8B464 /* Release */ = {
			isa = XCBuildConfiguration;
			buildSettings = {
				ASSETCATALOG_COMPILER_APPICON_NAME = AppIcon;
				ASSETCATALOG_COMPILER_GLOBAL_ACCENT_COLOR_NAME = AccentColor;
				CODE_SIGN_ENTITLEMENTS = popgraph/popgraph.entitlements;
				CODE_SIGN_STYLE = Automatic;
				CURRENT_PROJECT_VERSION = 1;
				DEVELOPMENT_ASSET_PATHS = "\"popgraph/Preview Content\"";
				DEVELOPMENT_TEAM = 3L9D67FVN7;
				ENABLE_HARDENED_RUNTIME = YES;
				ENABLE_PREVIEWS = YES;
				GENERATE_INFOPLIST_FILE = YES;
				"INFOPLIST_KEY_UIApplicationSceneManifest_Generation[sdk=iphoneos*]" = YES;
				"INFOPLIST_KEY_UIApplicationSceneManifest_Generation[sdk=iphonesimulator*]" = YES;
				"INFOPLIST_KEY_UIApplicationSupportsIndirectInputEvents[sdk=iphoneos*]" = YES;
				"INFOPLIST_KEY_UIApplicationSupportsIndirectInputEvents[sdk=iphonesimulator*]" = YES;
				"INFOPLIST_KEY_UILaunchScreen_Generation[sdk=iphoneos*]" = YES;
				"INFOPLIST_KEY_UILaunchScreen_Generation[sdk=iphonesimulator*]" = YES;
				"INFOPLIST_KEY_UIStatusBarStyle[sdk=iphoneos*]" = UIStatusBarStyleDefault;
				"INFOPLIST_KEY_UIStatusBarStyle[sdk=iphonesimulator*]" = UIStatusBarStyleDefault;
				INFOPLIST_KEY_UISupportedInterfaceOrientations_iPad = "UIInterfaceOrientationPortrait UIInterfaceOrientationPortraitUpsideDown UIInterfaceOrientationLandscapeLeft UIInterfaceOrientationLandscapeRight";
				INFOPLIST_KEY_UISupportedInterfaceOrientations_iPhone = "UIInterfaceOrientationPortrait UIInterfaceOrientationLandscapeLeft UIInterfaceOrientationLandscapeRight";
				IPHONEOS_DEPLOYMENT_TARGET = 17.0;
				LD_RUNPATH_SEARCH_PATHS = "@executable_path/Frameworks";
				"LD_RUNPATH_SEARCH_PATHS[sdk=macosx*]" = "@executable_path/../Frameworks";
				MACOSX_DEPLOYMENT_TARGET = 14.0;
				MARKETING_VERSION = 1.0;
				PRODUCT_BUNDLE_IDENTIFIER = com.dyerlab.popgraph;
				PRODUCT_NAME = "$(TARGET_NAME)";
				SDKROOT = auto;
				SUPPORTED_PLATFORMS = "iphoneos iphonesimulator macosx";
				SWIFT_EMIT_LOC_STRINGS = YES;
				SWIFT_VERSION = 5.0;
				TARGETED_DEVICE_FAMILY = "1,2";
			};
			name = Release;
		};
		2A808AD52AF509AE00A8B464 /* Debug */ = {
			isa = XCBuildConfiguration;
			buildSettings = {
				ALWAYS_EMBED_SWIFT_STANDARD_LIBRARIES = YES;
				BUNDLE_LOADER = "$(TEST_HOST)";
				CODE_SIGN_STYLE = Automatic;
				CURRENT_PROJECT_VERSION = 1;
				DEVELOPMENT_TEAM = 3L9D67FVN7;
				GENERATE_INFOPLIST_FILE = YES;
				IPHONEOS_DEPLOYMENT_TARGET = 17.0;
				MACOSX_DEPLOYMENT_TARGET = 14.0;
				MARKETING_VERSION = 1.0;
				PRODUCT_BUNDLE_IDENTIFIER = com.dyerlab.popgraphTests;
				PRODUCT_NAME = "$(TARGET_NAME)";
				SDKROOT = auto;
				SUPPORTED_PLATFORMS = "iphoneos iphonesimulator macosx";
				SWIFT_EMIT_LOC_STRINGS = NO;
				SWIFT_VERSION = 5.0;
				TARGETED_DEVICE_FAMILY = "1,2";
				TEST_HOST = "$(BUILT_PRODUCTS_DIR)/popgraph.app/$(BUNDLE_EXECUTABLE_FOLDER_PATH)/popgraph";
			};
			name = Debug;
		};
		2A808AD62AF509AE00A8B464 /* Release */ = {
			isa = XCBuildConfiguration;
			buildSettings = {
				ALWAYS_EMBED_SWIFT_STANDARD_LIBRARIES = YES;
				BUNDLE_LOADER = "$(TEST_HOST)";
				CODE_SIGN_STYLE = Automatic;
				CURRENT_PROJECT_VERSION = 1;
				DEVELOPMENT_TEAM = 3L9D67FVN7;
				GENERATE_INFOPLIST_FILE = YES;
				IPHONEOS_DEPLOYMENT_TARGET = 17.0;
				MACOSX_DEPLOYMENT_TARGET = 14.0;
				MARKETING_VERSION = 1.0;
				PRODUCT_BUNDLE_IDENTIFIER = com.dyerlab.popgraphTests;
				PRODUCT_NAME = "$(TARGET_NAME)";
				SDKROOT = auto;
				SUPPORTED_PLATFORMS = "iphoneos iphonesimulator macosx";
				SWIFT_EMIT_LOC_STRINGS = NO;
				SWIFT_VERSION = 5.0;
				TARGETED_DEVICE_FAMILY = "1,2";
				TEST_HOST = "$(BUILT_PRODUCTS_DIR)/popgraph.app/$(BUNDLE_EXECUTABLE_FOLDER_PATH)/popgraph";
			};
			name = Release;
		};
		2A808AD82AF509AE00A8B464 /* Debug */ = {
			isa = XCBuildConfiguration;
			buildSettings = {
				ALWAYS_EMBED_SWIFT_STANDARD_LIBRARIES = YES;
				CODE_SIGN_STYLE = Automatic;
				CURRENT_PROJECT_VERSION = 1;
				DEVELOPMENT_TEAM = 3L9D67FVN7;
				GENERATE_INFOPLIST_FILE = YES;
				IPHONEOS_DEPLOYMENT_TARGET = 17.0;
				MACOSX_DEPLOYMENT_TARGET = 14.0;
				MARKETING_VERSION = 1.0;
				PRODUCT_BUNDLE_IDENTIFIER = com.dyerlab.popgraphUITests;
				PRODUCT_NAME = "$(TARGET_NAME)";
				SDKROOT = auto;
				SUPPORTED_PLATFORMS = "iphoneos iphonesimulator macosx";
				SWIFT_EMIT_LOC_STRINGS = NO;
				SWIFT_VERSION = 5.0;
				TARGETED_DEVICE_FAMILY = "1,2";
				TEST_TARGET_NAME = popgraph;
			};
			name = Debug;
		};
		2A808AD92AF509AE00A8B464 /* Release */ = {
			isa = XCBuildConfiguration;
			buildSettings = {
				ALWAYS_EMBED_SWIFT_STANDARD_LIBRARIES = YES;
				CODE_SIGN_STYLE = Automatic;
				CURRENT_PROJECT_VERSION = 1;
				DEVELOPMENT_TEAM = 3L9D67FVN7;
				GENERATE_INFOPLIST_FILE = YES;
				IPHONEOS_DEPLOYMENT_TARGET = 17.0;
				MACOSX_DEPLOYMENT_TARGET = 14.0;
				MARKETING_VERSION = 1.0;
				PRODUCT_BUNDLE_IDENTIFIER = com.dyerlab.popgraphUITests;
				PRODUCT_NAME = "$(TARGET_NAME)";
				SDKROOT = auto;
				SUPPORTED_PLATFORMS = "iphoneos iphonesimulator macosx";
				SWIFT_EMIT_LOC_STRINGS = NO;
				SWIFT_VERSION = 5.0;
				TARGETED_DEVICE_FAMILY = "1,2";
				TEST_TARGET_NAME = popgraph;
			};
			name = Release;
		};
/* End XCBuildConfiguration section */

/* Begin XCConfigurationList section */
		2A808AA52AF509AC00A8B464 /* Build configuration list for PBXProject "popgraph" */ = {
			isa = XCConfigurationList;
			buildConfigurations = (
				2A808ACF2AF509AE00A8B464 /* Debug */,
				2A808AD02AF509AE00A8B464 /* Release */,
			);
			defaultConfigurationIsVisible = 0;
			defaultConfigurationName = Release;
		};
		2A808AD12AF509AE00A8B464 /* Build configuration list for PBXNativeTarget "popgraph" */ = {
			isa = XCConfigurationList;
			buildConfigurations = (
				2A808AD22AF509AE00A8B464 /* Debug */,
				2A808AD32AF509AE00A8B464 /* Release */,
			);
			defaultConfigurationIsVisible = 0;
			defaultConfigurationName = Release;
		};
		2A808AD42AF509AE00A8B464 /* Build configuration list for PBXNativeTarget "popgraphTests" */ = {
			isa = XCConfigurationList;
			buildConfigurations = (
				2A808AD52AF509AE00A8B464 /* Debug */,
				2A808AD62AF509AE00A8B464 /* Release */,
			);
			defaultConfigurationIsVisible = 0;
			defaultConfigurationName = Release;
		};
		2A808AD72AF509AE00A8B464 /* Build configuration list for PBXNativeTarget "popgraphUITests" */ = {
			isa = XCConfigurationList;
			buildConfigurations = (
				2A808AD82AF509AE00A8B464 /* Debug */,
				2A808AD92AF509AE00A8B464 /* Release */,
			);
			defaultConfigurationIsVisible = 0;
			defaultConfigurationName = Release;
		};
/* End XCConfigurationList section */

/* Begin XCRemoteSwiftPackageReference section */
		2AC9D04C2AF7A5FE0038A685 /* XCRemoteSwiftPackageReference "dlmatrix" */ = {
			isa = XCRemoteSwiftPackageReference;
			repositoryURL = "https://github.com/dyerlab/dlmatrix";
			requirement = {
				kind = upToNextMajorVersion;
				minimumVersion = 1.0.3;
			};
		};
/* End XCRemoteSwiftPackageReference section */

/* Begin XCSwiftPackageProductDependency section */
		2AC9D04D2AF7A5FE0038A685 /* DLMatrix */ = {
			isa = XCSwiftPackageProductDependency;
			package = 2AC9D04C2AF7A5FE0038A685 /* XCRemoteSwiftPackageReference "dlmatrix" */;
			productName = DLMatrix;
		};
/* End XCSwiftPackageProductDependency section */
	};
	rootObject = 2A808AA22AF509AC00A8B464 /* Project object */;
}
