// !$*UTF8*$!
{
	archiveVersion = 1;
	classes = {
	};
	objectVersion = 55;
	objects = {

/* Begin PBXBuildFile section */
		2A05EC6027B021A500B38894 /* Tests_iOS.swift in Sources */ = {isa = PBXBuildFile; fileRef = 2A05EC5F27B021A500B38894 /* Tests_iOS.swift */; };
		2A05EC6227B021A500B38894 /* Tests_iOSLaunchTests.swift in Sources */ = {isa = PBXBuildFile; fileRef = 2A05EC6127B021A500B38894 /* Tests_iOSLaunchTests.swift */; };
		2A05EC6C27B021A500B38894 /* Tests_macOS.swift in Sources */ = {isa = PBXBuildFile; fileRef = 2A05EC6B27B021A500B38894 /* Tests_macOS.swift */; };
		2A05EC6E27B021A500B38894 /* Tests_macOSLaunchTests.swift in Sources */ = {isa = PBXBuildFile; fileRef = 2A05EC6D27B021A500B38894 /* Tests_macOSLaunchTests.swift */; };
		2A05EC6F27B021A500B38894 /* Chromosome_WalkingApp.swift in Sources */ = {isa = PBXBuildFile; fileRef = 2A05EC4727B021A500B38894 /* Chromosome_WalkingApp.swift */; };
		2A05EC7027B021A500B38894 /* Chromosome_WalkingApp.swift in Sources */ = {isa = PBXBuildFile; fileRef = 2A05EC4727B021A500B38894 /* Chromosome_WalkingApp.swift */; };
		2A05EC7127B021A500B38894 /* ContentView.swift in Sources */ = {isa = PBXBuildFile; fileRef = 2A05EC4827B021A500B38894 /* ContentView.swift */; };
		2A05EC7227B021A500B38894 /* ContentView.swift in Sources */ = {isa = PBXBuildFile; fileRef = 2A05EC4827B021A500B38894 /* ContentView.swift */; };
		2A05EC7327B021A500B38894 /* Assets.xcassets in Resources */ = {isa = PBXBuildFile; fileRef = 2A05EC4927B021A500B38894 /* Assets.xcassets */; };
		2A05EC7427B021A500B38894 /* Assets.xcassets in Resources */ = {isa = PBXBuildFile; fileRef = 2A05EC4927B021A500B38894 /* Assets.xcassets */; };
		2A05ECAE27B0223B00B38894 /* Notification.Name.swift in Sources */ = {isa = PBXBuildFile; fileRef = 2A05EC8527B0223B00B38894 /* Notification.Name.swift */; };
		2A05ECAF27B0223B00B38894 /* Notification.Name.swift in Sources */ = {isa = PBXBuildFile; fileRef = 2A05EC8527B0223B00B38894 /* Notification.Name.swift */; };
		2A05ECB027B0223B00B38894 /* CGSize.swift in Sources */ = {isa = PBXBuildFile; fileRef = 2A05EC8627B0223B00B38894 /* CGSize.swift */; };
		2A05ECB127B0223B00B38894 /* CGSize.swift in Sources */ = {isa = PBXBuildFile; fileRef = 2A05EC8627B0223B00B38894 /* CGSize.swift */; };
		2A05ECB227B0223B00B38894 /* Array+Node2D.swift in Sources */ = {isa = PBXBuildFile; fileRef = 2A05EC8727B0223B00B38894 /* Array+Node2D.swift */; };
		2A05ECB327B0223B00B38894 /* Array+Node2D.swift in Sources */ = {isa = PBXBuildFile; fileRef = 2A05EC8727B0223B00B38894 /* Array+Node2D.swift */; };
		2A05ECB427B0223B00B38894 /* CGPoint.swift in Sources */ = {isa = PBXBuildFile; fileRef = 2A05EC8827B0223B00B38894 /* CGPoint.swift */; };
		2A05ECB527B0223B00B38894 /* CGPoint.swift in Sources */ = {isa = PBXBuildFile; fileRef = 2A05EC8827B0223B00B38894 /* CGPoint.swift */; };
		2A05ECB627B0223B00B38894 /* rSourceConvertible.swift in Sources */ = {isa = PBXBuildFile; fileRef = 2A05EC8A27B0223B00B38894 /* rSourceConvertible.swift */; };
		2A05ECB727B0223B00B38894 /* rSourceConvertible.swift in Sources */ = {isa = PBXBuildFile; fileRef = 2A05EC8A27B0223B00B38894 /* rSourceConvertible.swift */; };
		2A05ECB827B0223B00B38894 /* Random.swift in Sources */ = {isa = PBXBuildFile; fileRef = 2A05EC8C27B0223B00B38894 /* Random.swift */; };
		2A05ECB927B0223B00B38894 /* Random.swift in Sources */ = {isa = PBXBuildFile; fileRef = 2A05EC8C27B0223B00B38894 /* Random.swift */; };
		2A05ECBA27B0223B00B38894 /* VectorScalarOperators.swift in Sources */ = {isa = PBXBuildFile; fileRef = 2A05EC8D27B0223B00B38894 /* VectorScalarOperators.swift */; };
		2A05ECBB27B0223B00B38894 /* VectorScalarOperators.swift in Sources */ = {isa = PBXBuildFile; fileRef = 2A05EC8D27B0223B00B38894 /* VectorScalarOperators.swift */; };
		2A05ECBC27B0223B00B38894 /* VectorConvertable.swift in Sources */ = {isa = PBXBuildFile; fileRef = 2A05EC8E27B0223B00B38894 /* VectorConvertable.swift */; };
		2A05ECBD27B0223B00B38894 /* VectorConvertable.swift in Sources */ = {isa = PBXBuildFile; fileRef = 2A05EC8E27B0223B00B38894 /* VectorConvertable.swift */; };
		2A05ECBE27B0223B00B38894 /* RangeEnum.swift in Sources */ = {isa = PBXBuildFile; fileRef = 2A05EC8F27B0223B00B38894 /* RangeEnum.swift */; };
		2A05ECBF27B0223B00B38894 /* RangeEnum.swift in Sources */ = {isa = PBXBuildFile; fileRef = 2A05EC8F27B0223B00B38894 /* RangeEnum.swift */; };
		2A05ECC027B0223B00B38894 /* Vector.swift in Sources */ = {isa = PBXBuildFile; fileRef = 2A05EC9027B0223B00B38894 /* Vector.swift */; };
		2A05ECC127B0223B00B38894 /* Vector.swift in Sources */ = {isa = PBXBuildFile; fileRef = 2A05EC9027B0223B00B38894 /* Vector.swift */; };
		2A05ECC227B0223B00B38894 /* VectorVectorOperators.swift in Sources */ = {isa = PBXBuildFile; fileRef = 2A05EC9127B0223B00B38894 /* VectorVectorOperators.swift */; };
		2A05ECC327B0223B00B38894 /* VectorVectorOperators.swift in Sources */ = {isa = PBXBuildFile; fileRef = 2A05EC9127B0223B00B38894 /* VectorVectorOperators.swift */; };
		2A05ECC427B0223B00B38894 /* Operators.swift in Sources */ = {isa = PBXBuildFile; fileRef = 2A05EC9227B0223B00B38894 /* Operators.swift */; };
		2A05ECC527B0223B00B38894 /* Operators.swift in Sources */ = {isa = PBXBuildFile; fileRef = 2A05EC9227B0223B00B38894 /* Operators.swift */; };
		2A05ECC627B0223B00B38894 /* MatrixConvertable.swift in Sources */ = {isa = PBXBuildFile; fileRef = 2A05EC9427B0223B00B38894 /* MatrixConvertable.swift */; };
		2A05ECC727B0223B00B38894 /* MatrixConvertable.swift in Sources */ = {isa = PBXBuildFile; fileRef = 2A05EC9427B0223B00B38894 /* MatrixConvertable.swift */; };
		2A05ECC827B0223B00B38894 /* MatrixMatrixOperations.swift in Sources */ = {isa = PBXBuildFile; fileRef = 2A05EC9527B0223B00B38894 /* MatrixMatrixOperations.swift */; };
		2A05ECC927B0223B00B38894 /* MatrixMatrixOperations.swift in Sources */ = {isa = PBXBuildFile; fileRef = 2A05EC9527B0223B00B38894 /* MatrixMatrixOperations.swift */; };
		2A05ECCA27B0223B00B38894 /* Matrix.swift in Sources */ = {isa = PBXBuildFile; fileRef = 2A05EC9627B0223B00B38894 /* Matrix.swift */; };
		2A05ECCB27B0223B00B38894 /* Matrix.swift in Sources */ = {isa = PBXBuildFile; fileRef = 2A05EC9627B0223B00B38894 /* Matrix.swift */; };
		2A05ECCC27B0223B00B38894 /* MatrixScalarOperators.swift in Sources */ = {isa = PBXBuildFile; fileRef = 2A05EC9727B0223B00B38894 /* MatrixScalarOperators.swift */; };
		2A05ECCD27B0223B00B38894 /* MatrixScalarOperators.swift in Sources */ = {isa = PBXBuildFile; fileRef = 2A05EC9727B0223B00B38894 /* MatrixScalarOperators.swift */; };
		2A05ECCE27B0223B00B38894 /* MatrixAlgebra.swift in Sources */ = {isa = PBXBuildFile; fileRef = 2A05EC9827B0223B00B38894 /* MatrixAlgebra.swift */; };
		2A05ECCF27B0223B00B38894 /* MatrixAlgebra.swift in Sources */ = {isa = PBXBuildFile; fileRef = 2A05EC9827B0223B00B38894 /* MatrixAlgebra.swift */; };
		2A05ECD027B0223B00B38894 /* GraphLayoutMenu.swift in Sources */ = {isa = PBXBuildFile; fileRef = 2A05EC9A27B0223B00B38894 /* GraphLayoutMenu.swift */; };
		2A05ECD127B0223B00B38894 /* GraphLayoutMenu.swift in Sources */ = {isa = PBXBuildFile; fileRef = 2A05EC9A27B0223B00B38894 /* GraphLayoutMenu.swift */; };
		2A05ECD227B0223B00B38894 /* GraphScene.swift in Sources */ = {isa = PBXBuildFile; fileRef = 2A05EC9C27B0223B00B38894 /* GraphScene.swift */; };
		2A05ECD327B0223B00B38894 /* GraphScene.swift in Sources */ = {isa = PBXBuildFile; fileRef = 2A05EC9C27B0223B00B38894 /* GraphScene.swift */; };
		2A05ECD427B0223B00B38894 /* Graph.swift in Sources */ = {isa = PBXBuildFile; fileRef = 2A05EC9D27B0223B00B38894 /* Graph.swift */; };
		2A05ECD527B0223B00B38894 /* Graph.swift in Sources */ = {isa = PBXBuildFile; fileRef = 2A05EC9D27B0223B00B38894 /* Graph.swift */; };
		2A05ECD627B0223B00B38894 /* GraphSceneDelegate.swift in Sources */ = {isa = PBXBuildFile; fileRef = 2A05EC9E27B0223B00B38894 /* GraphSceneDelegate.swift */; };
		2A05ECD727B0223B00B38894 /* GraphSceneDelegate.swift in Sources */ = {isa = PBXBuildFile; fileRef = 2A05EC9E27B0223B00B38894 /* GraphSceneDelegate.swift */; };
		2A05ECD827B0223B00B38894 /* Node2D.swift in Sources */ = {isa = PBXBuildFile; fileRef = 2A05EC9F27B0223B00B38894 /* Node2D.swift */; };
		2A05ECD927B0223B00B38894 /* Node2D.swift in Sources */ = {isa = PBXBuildFile; fileRef = 2A05EC9F27B0223B00B38894 /* Node2D.swift */; };
		2A05ECDA27B0223B00B38894 /* layoutNodesEigenvalue.swift in Sources */ = {isa = PBXBuildFile; fileRef = 2A05ECA327B0223B00B38894 /* layoutNodesEigenvalue.swift */; };
		2A05ECDB27B0223B00B38894 /* layoutNodesEigenvalue.swift in Sources */ = {isa = PBXBuildFile; fileRef = 2A05ECA327B0223B00B38894 /* layoutNodesEigenvalue.swift */; };
		2A05ECDC27B0223B00B38894 /* layoutNodesRandom.swift in Sources */ = {isa = PBXBuildFile; fileRef = 2A05ECA427B0223B00B38894 /* layoutNodesRandom.swift */; };
		2A05ECDD27B0223B00B38894 /* layoutNodesRandom.swift in Sources */ = {isa = PBXBuildFile; fileRef = 2A05ECA427B0223B00B38894 /* layoutNodesRandom.swift */; };
		2A05ECDE27B0223B00B38894 /* layoutNodesCircular.swift in Sources */ = {isa = PBXBuildFile; fileRef = 2A05ECA527B0223B00B38894 /* layoutNodesCircular.swift */; };
		2A05ECDF27B0223B00B38894 /* layoutNodesCircular.swift in Sources */ = {isa = PBXBuildFile; fileRef = 2A05ECA527B0223B00B38894 /* layoutNodesCircular.swift */; };
		2A05ECE027B0223B00B38894 /* rotateNodePositions.swift in Sources */ = {isa = PBXBuildFile; fileRef = 2A05ECA627B0223B00B38894 /* rotateNodePositions.swift */; };
		2A05ECE127B0223B00B38894 /* rotateNodePositions.swift in Sources */ = {isa = PBXBuildFile; fileRef = 2A05ECA627B0223B00B38894 /* rotateNodePositions.swift */; };
		2A05ECE227B0223B00B38894 /* LayoutType.swift in Sources */ = {isa = PBXBuildFile; fileRef = 2A05ECA727B0223B00B38894 /* LayoutType.swift */; };
		2A05ECE327B0223B00B38894 /* LayoutType.swift in Sources */ = {isa = PBXBuildFile; fileRef = 2A05ECA727B0223B00B38894 /* LayoutType.swift */; };
		2A05ECE427B0223B00B38894 /* layoutNodesFruchterman.swift in Sources */ = {isa = PBXBuildFile; fileRef = 2A05ECA827B0223B00B38894 /* layoutNodesFruchterman.swift */; };
		2A05ECE527B0223B00B38894 /* layoutNodesFruchterman.swift in Sources */ = {isa = PBXBuildFile; fileRef = 2A05ECA827B0223B00B38894 /* layoutNodesFruchterman.swift */; };
		2A05ECE627B0223B00B38894 /* Edge2D.swift in Sources */ = {isa = PBXBuildFile; fileRef = 2A05ECA927B0223B00B38894 /* Edge2D.swift */; };
		2A05ECE727B0223B00B38894 /* Edge2D.swift in Sources */ = {isa = PBXBuildFile; fileRef = 2A05ECA927B0223B00B38894 /* Edge2D.swift */; };
		2A05ECE927B0223B00B38894 /* GraphView.swift in Sources */ = {isa = PBXBuildFile; fileRef = 2A05ECAC27B0223B00B38894 /* GraphView.swift */; };
		2A05ECF027B027DF00B38894 /* DataStore.swift in Sources */ = {isa = PBXBuildFile; fileRef = 2A05ECEF27B027DF00B38894 /* DataStore.swift */; };
		2A05ECF127B027DF00B38894 /* DataStore.swift in Sources */ = {isa = PBXBuildFile; fileRef = 2A05ECEF27B027DF00B38894 /* DataStore.swift */; };
		2A05ECF327B0500F00B38894 /* GraphSpriteView.swift in Sources */ = {isa = PBXBuildFile; fileRef = 2A05ECF227B0500F00B38894 /* GraphSpriteView.swift */; };
		2A05ECF427B0500F00B38894 /* GraphSpriteView.swift in Sources */ = {isa = PBXBuildFile; fileRef = 2A05ECF227B0500F00B38894 /* GraphSpriteView.swift */; };
/* End PBXBuildFile section */

/* Begin PBXContainerItemProxy section */
		2A05EC5C27B021A500B38894 /* PBXContainerItemProxy */ = {
			isa = PBXContainerItemProxy;
			containerPortal = 2A05EC4227B021A500B38894 /* Project object */;
			proxyType = 1;
			remoteGlobalIDString = 2A05EC4D27B021A500B38894;
			remoteInfo = "Chromosome Walking (iOS)";
		};
		2A05EC6827B021A500B38894 /* PBXContainerItemProxy */ = {
			isa = PBXContainerItemProxy;
			containerPortal = 2A05EC4227B021A500B38894 /* Project object */;
			proxyType = 1;
			remoteGlobalIDString = 2A05EC5327B021A500B38894;
			remoteInfo = "Chromosome Walking (macOS)";
		};
/* End PBXContainerItemProxy section */

/* Begin PBXFileReference section */
		2A05EC4727B021A500B38894 /* Chromosome_WalkingApp.swift */ = {isa = PBXFileReference; lastKnownFileType = sourcecode.swift; path = Chromosome_WalkingApp.swift; sourceTree = "<group>"; };
		2A05EC4827B021A500B38894 /* ContentView.swift */ = {isa = PBXFileReference; lastKnownFileType = sourcecode.swift; path = ContentView.swift; sourceTree = "<group>"; };
		2A05EC4927B021A500B38894 /* Assets.xcassets */ = {isa = PBXFileReference; lastKnownFileType = folder.assetcatalog; path = Assets.xcassets; sourceTree = "<group>"; };
		2A05EC4E27B021A500B38894 /* Chromosome Walking.app */ = {isa = PBXFileReference; explicitFileType = wrapper.application; includeInIndex = 0; path = "Chromosome Walking.app"; sourceTree = BUILT_PRODUCTS_DIR; };
		2A05EC5427B021A500B38894 /* Chromosome Walking.app */ = {isa = PBXFileReference; explicitFileType = wrapper.application; includeInIndex = 0; path = "Chromosome Walking.app"; sourceTree = BUILT_PRODUCTS_DIR; };
		2A05EC5627B021A500B38894 /* macOS.entitlements */ = {isa = PBXFileReference; lastKnownFileType = text.plist.entitlements; path = macOS.entitlements; sourceTree = "<group>"; };
		2A05EC5B27B021A500B38894 /* Tests iOS.xctest */ = {isa = PBXFileReference; explicitFileType = wrapper.cfbundle; includeInIndex = 0; path = "Tests iOS.xctest"; sourceTree = BUILT_PRODUCTS_DIR; };
		2A05EC5F27B021A500B38894 /* Tests_iOS.swift */ = {isa = PBXFileReference; lastKnownFileType = sourcecode.swift; path = Tests_iOS.swift; sourceTree = "<group>"; };
		2A05EC6127B021A500B38894 /* Tests_iOSLaunchTests.swift */ = {isa = PBXFileReference; lastKnownFileType = sourcecode.swift; path = Tests_iOSLaunchTests.swift; sourceTree = "<group>"; };
		2A05EC6727B021A500B38894 /* Tests macOS.xctest */ = {isa = PBXFileReference; explicitFileType = wrapper.cfbundle; includeInIndex = 0; path = "Tests macOS.xctest"; sourceTree = BUILT_PRODUCTS_DIR; };
		2A05EC6B27B021A500B38894 /* Tests_macOS.swift */ = {isa = PBXFileReference; lastKnownFileType = sourcecode.swift; path = Tests_macOS.swift; sourceTree = "<group>"; };
		2A05EC6D27B021A500B38894 /* Tests_macOSLaunchTests.swift */ = {isa = PBXFileReference; lastKnownFileType = sourcecode.swift; path = Tests_macOSLaunchTests.swift; sourceTree = "<group>"; };
		2A05EC8527B0223B00B38894 /* Notification.Name.swift */ = {isa = PBXFileReference; fileEncoding = 4; lastKnownFileType = sourcecode.swift; path = Notification.Name.swift; sourceTree = "<group>"; };
		2A05EC8627B0223B00B38894 /* CGSize.swift */ = {isa = PBXFileReference; fileEncoding = 4; lastKnownFileType = sourcecode.swift; path = CGSize.swift; sourceTree = "<group>"; };
		2A05EC8727B0223B00B38894 /* Array+Node2D.swift */ = {isa = PBXFileReference; fileEncoding = 4; lastKnownFileType = sourcecode.swift; path = "Array+Node2D.swift"; sourceTree = "<group>"; };
		2A05EC8827B0223B00B38894 /* CGPoint.swift */ = {isa = PBXFileReference; fileEncoding = 4; lastKnownFileType = sourcecode.swift; path = CGPoint.swift; sourceTree = "<group>"; };
		2A05EC8A27B0223B00B38894 /* rSourceConvertible.swift */ = {isa = PBXFileReference; fileEncoding = 4; lastKnownFileType = sourcecode.swift; path = rSourceConvertible.swift; sourceTree = "<group>"; };
		2A05EC8C27B0223B00B38894 /* Random.swift */ = {isa = PBXFileReference; fileEncoding = 4; lastKnownFileType = sourcecode.swift; path = Random.swift; sourceTree = "<group>"; };
		2A05EC8D27B0223B00B38894 /* VectorScalarOperators.swift */ = {isa = PBXFileReference; fileEncoding = 4; lastKnownFileType = sourcecode.swift; path = VectorScalarOperators.swift; sourceTree = "<group>"; };
		2A05EC8E27B0223B00B38894 /* VectorConvertable.swift */ = {isa = PBXFileReference; fileEncoding = 4; lastKnownFileType = sourcecode.swift; path = VectorConvertable.swift; sourceTree = "<group>"; };
		2A05EC8F27B0223B00B38894 /* RangeEnum.swift */ = {isa = PBXFileReference; fileEncoding = 4; lastKnownFileType = sourcecode.swift; path = RangeEnum.swift; sourceTree = "<group>"; };
		2A05EC9027B0223B00B38894 /* Vector.swift */ = {isa = PBXFileReference; fileEncoding = 4; lastKnownFileType = sourcecode.swift; path = Vector.swift; sourceTree = "<group>"; };
		2A05EC9127B0223B00B38894 /* VectorVectorOperators.swift */ = {isa = PBXFileReference; fileEncoding = 4; lastKnownFileType = sourcecode.swift; path = VectorVectorOperators.swift; sourceTree = "<group>"; };
		2A05EC9227B0223B00B38894 /* Operators.swift */ = {isa = PBXFileReference; fileEncoding = 4; lastKnownFileType = sourcecode.swift; path = Operators.swift; sourceTree = "<group>"; };
		2A05EC9427B0223B00B38894 /* MatrixConvertable.swift */ = {isa = PBXFileReference; fileEncoding = 4; lastKnownFileType = sourcecode.swift; path = MatrixConvertable.swift; sourceTree = "<group>"; };
		2A05EC9527B0223B00B38894 /* MatrixMatrixOperations.swift */ = {isa = PBXFileReference; fileEncoding = 4; lastKnownFileType = sourcecode.swift; path = MatrixMatrixOperations.swift; sourceTree = "<group>"; };
		2A05EC9627B0223B00B38894 /* Matrix.swift */ = {isa = PBXFileReference; fileEncoding = 4; lastKnownFileType = sourcecode.swift; path = Matrix.swift; sourceTree = "<group>"; };
		2A05EC9727B0223B00B38894 /* MatrixScalarOperators.swift */ = {isa = PBXFileReference; fileEncoding = 4; lastKnownFileType = sourcecode.swift; path = MatrixScalarOperators.swift; sourceTree = "<group>"; };
		2A05EC9827B0223B00B38894 /* MatrixAlgebra.swift */ = {isa = PBXFileReference; fileEncoding = 4; lastKnownFileType = sourcecode.swift; path = MatrixAlgebra.swift; sourceTree = "<group>"; };
		2A05EC9A27B0223B00B38894 /* GraphLayoutMenu.swift */ = {isa = PBXFileReference; fileEncoding = 4; lastKnownFileType = sourcecode.swift; path = GraphLayoutMenu.swift; sourceTree = "<group>"; };
		2A05EC9C27B0223B00B38894 /* GraphScene.swift */ = {isa = PBXFileReference; fileEncoding = 4; lastKnownFileType = sourcecode.swift; path = GraphScene.swift; sourceTree = "<group>"; };
		2A05EC9D27B0223B00B38894 /* Graph.swift */ = {isa = PBXFileReference; fileEncoding = 4; lastKnownFileType = sourcecode.swift; path = Graph.swift; sourceTree = "<group>"; };
		2A05EC9E27B0223B00B38894 /* GraphSceneDelegate.swift */ = {isa = PBXFileReference; fileEncoding = 4; lastKnownFileType = sourcecode.swift; path = GraphSceneDelegate.swift; sourceTree = "<group>"; };
		2A05EC9F27B0223B00B38894 /* Node2D.swift */ = {isa = PBXFileReference; fileEncoding = 4; lastKnownFileType = sourcecode.swift; path = Node2D.swift; sourceTree = "<group>"; };
		2A05ECA127B0223B00B38894 /* FruchtermanRheingold.R */ = {isa = PBXFileReference; fileEncoding = 4; lastKnownFileType = sourcecode.rez; path = FruchtermanRheingold.R; sourceTree = "<group>"; };
		2A05ECA227B0223B00B38894 /* CircularLayout.R */ = {isa = PBXFileReference; fileEncoding = 4; lastKnownFileType = sourcecode.rez; path = CircularLayout.R; sourceTree = "<group>"; };
		2A05ECA327B0223B00B38894 /* layoutNodesEigenvalue.swift */ = {isa = PBXFileReference; fileEncoding = 4; lastKnownFileType = sourcecode.swift; path = layoutNodesEigenvalue.swift; sourceTree = "<group>"; };
		2A05ECA427B0223B00B38894 /* layoutNodesRandom.swift */ = {isa = PBXFileReference; fileEncoding = 4; lastKnownFileType = sourcecode.swift; path = layoutNodesRandom.swift; sourceTree = "<group>"; };
		2A05ECA527B0223B00B38894 /* layoutNodesCircular.swift */ = {isa = PBXFileReference; fileEncoding = 4; lastKnownFileType = sourcecode.swift; path = layoutNodesCircular.swift; sourceTree = "<group>"; };
		2A05ECA627B0223B00B38894 /* rotateNodePositions.swift */ = {isa = PBXFileReference; fileEncoding = 4; lastKnownFileType = sourcecode.swift; path = rotateNodePositions.swift; sourceTree = "<group>"; };
		2A05ECA727B0223B00B38894 /* LayoutType.swift */ = {isa = PBXFileReference; fileEncoding = 4; lastKnownFileType = sourcecode.swift; path = LayoutType.swift; sourceTree = "<group>"; };
		2A05ECA827B0223B00B38894 /* layoutNodesFruchterman.swift */ = {isa = PBXFileReference; fileEncoding = 4; lastKnownFileType = sourcecode.swift; path = layoutNodesFruchterman.swift; sourceTree = "<group>"; };
		2A05ECA927B0223B00B38894 /* Edge2D.swift */ = {isa = PBXFileReference; fileEncoding = 4; lastKnownFileType = sourcecode.swift; path = Edge2D.swift; sourceTree = "<group>"; };
		2A05ECAC27B0223B00B38894 /* GraphView.swift */ = {isa = PBXFileReference; fileEncoding = 4; lastKnownFileType = sourcecode.swift; path = GraphView.swift; sourceTree = "<group>"; };
		2A05ECEF27B027DF00B38894 /* DataStore.swift */ = {isa = PBXFileReference; lastKnownFileType = sourcecode.swift; path = DataStore.swift; sourceTree = "<group>"; };
		2A05ECF227B0500F00B38894 /* GraphSpriteView.swift */ = {isa = PBXFileReference; lastKnownFileType = sourcecode.swift; path = GraphSpriteView.swift; sourceTree = "<group>"; };
/* End PBXFileReference section */

/* Begin PBXFrameworksBuildPhase section */
		2A05EC4B27B021A500B38894 /* Frameworks */ = {
			isa = PBXFrameworksBuildPhase;
			buildActionMask = 2147483647;
			files = (
			);
			runOnlyForDeploymentPostprocessing = 0;
		};
		2A05EC5127B021A500B38894 /* Frameworks */ = {
			isa = PBXFrameworksBuildPhase;
			buildActionMask = 2147483647;
			files = (
			);
			runOnlyForDeploymentPostprocessing = 0;
		};
		2A05EC5827B021A500B38894 /* Frameworks */ = {
			isa = PBXFrameworksBuildPhase;
			buildActionMask = 2147483647;
			files = (
			);
			runOnlyForDeploymentPostprocessing = 0;
		};
		2A05EC6427B021A500B38894 /* Frameworks */ = {
			isa = PBXFrameworksBuildPhase;
			buildActionMask = 2147483647;
			files = (
			);
			runOnlyForDeploymentPostprocessing = 0;
		};
/* End PBXFrameworksBuildPhase section */

/* Begin PBXGroup section */
		2A05EC4127B021A500B38894 = {
			isa = PBXGroup;
			children = (
				2A05EC4627B021A500B38894 /* Shared */,
				2A05EC8327B021E600B38894 /* iOS */,
				2A05EC5527B021A500B38894 /* macOS */,
				2A05EC5E27B021A500B38894 /* Tests iOS */,
				2A05EC6A27B021A500B38894 /* Tests macOS */,
				2A05EC4F27B021A500B38894 /* Products */,
			);
			sourceTree = "<group>";
		};
		2A05EC4627B021A500B38894 /* Shared */ = {
			isa = PBXGroup;
			children = (
				2A05EC4727B021A500B38894 /* Chromosome_WalkingApp.swift */,
				2A05EC4827B021A500B38894 /* ContentView.swift */,
				2A05EC8427B0223B00B38894 /* Extensions */,
				2A05EC8927B0223B00B38894 /* Matrix */,
				2A05EC9927B0223B00B38894 /* MenuItems */,
				2A05EC9B27B0223B00B38894 /* Model */,
				2A05ECAA27B0223B00B38894 /* Views */,
				2A05EC4927B021A500B38894 /* Assets.xcassets */,
				2A05ECF227B0500F00B38894 /* GraphSpriteView.swift */,
			);
			path = Shared;
			sourceTree = "<group>";
		};
		2A05EC4F27B021A500B38894 /* Products */ = {
			isa = PBXGroup;
			children = (
				2A05EC4E27B021A500B38894 /* Chromosome Walking.app */,
				2A05EC5427B021A500B38894 /* Chromosome Walking.app */,
				2A05EC5B27B021A500B38894 /* Tests iOS.xctest */,
				2A05EC6727B021A500B38894 /* Tests macOS.xctest */,
			);
			name = Products;
			sourceTree = "<group>";
		};
		2A05EC5527B021A500B38894 /* macOS */ = {
			isa = PBXGroup;
			children = (
				2A05EC5627B021A500B38894 /* macOS.entitlements */,
				2A05ECAC27B0223B00B38894 /* GraphView.swift */,
			);
			path = macOS;
			sourceTree = "<group>";
		};
		2A05EC5E27B021A500B38894 /* Tests iOS */ = {
			isa = PBXGroup;
			children = (
				2A05EC5F27B021A500B38894 /* Tests_iOS.swift */,
				2A05EC6127B021A500B38894 /* Tests_iOSLaunchTests.swift */,
			);
			path = "Tests iOS";
			sourceTree = "<group>";
		};
		2A05EC6A27B021A500B38894 /* Tests macOS */ = {
			isa = PBXGroup;
			children = (
				2A05EC6B27B021A500B38894 /* Tests_macOS.swift */,
				2A05EC6D27B021A500B38894 /* Tests_macOSLaunchTests.swift */,
			);
			path = "Tests macOS";
			sourceTree = "<group>";
		};
		2A05EC8327B021E600B38894 /* iOS */ = {
			isa = PBXGroup;
			children = (
			);
			path = iOS;
			sourceTree = "<group>";
		};
		2A05EC8427B0223B00B38894 /* Extensions */ = {
			isa = PBXGroup;
			children = (
				2A05EC8527B0223B00B38894 /* Notification.Name.swift */,
				2A05EC8627B0223B00B38894 /* CGSize.swift */,
				2A05EC8727B0223B00B38894 /* Array+Node2D.swift */,
				2A05EC8827B0223B00B38894 /* CGPoint.swift */,
			);
			path = Extensions;
			sourceTree = "<group>";
		};
		2A05EC8927B0223B00B38894 /* Matrix */ = {
			isa = PBXGroup;
			children = (
				2A05EC8A27B0223B00B38894 /* rSourceConvertible.swift */,
				2A05EC8B27B0223B00B38894 /* Vectors */,
				2A05EC9227B0223B00B38894 /* Operators.swift */,
				2A05EC9327B0223B00B38894 /* Matrices */,
			);
			path = Matrix;
			sourceTree = "<group>";
		};
		2A05EC8B27B0223B00B38894 /* Vectors */ = {
			isa = PBXGroup;
			children = (
				2A05EC8C27B0223B00B38894 /* Random.swift */,
				2A05EC8D27B0223B00B38894 /* VectorScalarOperators.swift */,
				2A05EC8E27B0223B00B38894 /* VectorConvertable.swift */,
				2A05EC8F27B0223B00B38894 /* RangeEnum.swift */,
				2A05EC9027B0223B00B38894 /* Vector.swift */,
				2A05EC9127B0223B00B38894 /* VectorVectorOperators.swift */,
			);
			path = Vectors;
			sourceTree = "<group>";
		};
		2A05EC9327B0223B00B38894 /* Matrices */ = {
			isa = PBXGroup;
			children = (
				2A05EC9427B0223B00B38894 /* MatrixConvertable.swift */,
				2A05EC9527B0223B00B38894 /* MatrixMatrixOperations.swift */,
				2A05EC9627B0223B00B38894 /* Matrix.swift */,
				2A05EC9727B0223B00B38894 /* MatrixScalarOperators.swift */,
				2A05EC9827B0223B00B38894 /* MatrixAlgebra.swift */,
			);
			path = Matrices;
			sourceTree = "<group>";
		};
		2A05EC9927B0223B00B38894 /* MenuItems */ = {
			isa = PBXGroup;
			children = (
				2A05EC9A27B0223B00B38894 /* GraphLayoutMenu.swift */,
			);
			path = MenuItems;
			sourceTree = "<group>";
		};
		2A05EC9B27B0223B00B38894 /* Model */ = {
			isa = PBXGroup;
			children = (
				2A05ECEF27B027DF00B38894 /* DataStore.swift */,
				2A05EC9C27B0223B00B38894 /* GraphScene.swift */,
				2A05EC9D27B0223B00B38894 /* Graph.swift */,
				2A05EC9E27B0223B00B38894 /* GraphSceneDelegate.swift */,
				2A05ECA927B0223B00B38894 /* Edge2D.swift */,
				2A05EC9F27B0223B00B38894 /* Node2D.swift */,
				2A05ECA027B0223B00B38894 /* Layouts */,
			);
			path = Model;
			sourceTree = "<group>";
		};
		2A05ECA027B0223B00B38894 /* Layouts */ = {
			isa = PBXGroup;
			children = (
				2A05ECA127B0223B00B38894 /* FruchtermanRheingold.R */,
				2A05ECA227B0223B00B38894 /* CircularLayout.R */,
				2A05ECA327B0223B00B38894 /* layoutNodesEigenvalue.swift */,
				2A05ECA427B0223B00B38894 /* layoutNodesRandom.swift */,
				2A05ECA527B0223B00B38894 /* layoutNodesCircular.swift */,
				2A05ECA627B0223B00B38894 /* rotateNodePositions.swift */,
				2A05ECA727B0223B00B38894 /* LayoutType.swift */,
				2A05ECA827B0223B00B38894 /* layoutNodesFruchterman.swift */,
			);
			path = Layouts;
			sourceTree = "<group>";
		};
		2A05ECAA27B0223B00B38894 /* Views */ = {
			isa = PBXGroup;
			children = (
			);
			path = Views;
			sourceTree = "<group>";
		};
/* End PBXGroup section */

/* Begin PBXNativeTarget section */
		2A05EC4D27B021A500B38894 /* Chromosome Walking (iOS) */ = {
			isa = PBXNativeTarget;
			buildConfigurationList = 2A05EC7727B021A500B38894 /* Build configuration list for PBXNativeTarget "Chromosome Walking (iOS)" */;
			buildPhases = (
				2A05EC4A27B021A500B38894 /* Sources */,
				2A05EC4B27B021A500B38894 /* Frameworks */,
				2A05EC4C27B021A500B38894 /* Resources */,
			);
			buildRules = (
			);
			dependencies = (
			);
			name = "Chromosome Walking (iOS)";
			productName = "Chromosome Walking (iOS)";
			productReference = 2A05EC4E27B021A500B38894 /* Chromosome Walking.app */;
			productType = "com.apple.product-type.application";
		};
		2A05EC5327B021A500B38894 /* Chromosome Walking (macOS) */ = {
			isa = PBXNativeTarget;
			buildConfigurationList = 2A05EC7A27B021A500B38894 /* Build configuration list for PBXNativeTarget "Chromosome Walking (macOS)" */;
			buildPhases = (
				2A05EC5027B021A500B38894 /* Sources */,
				2A05EC5127B021A500B38894 /* Frameworks */,
				2A05EC5227B021A500B38894 /* Resources */,
			);
			buildRules = (
			);
			dependencies = (
			);
			name = "Chromosome Walking (macOS)";
			productName = "Chromosome Walking (macOS)";
			productReference = 2A05EC5427B021A500B38894 /* Chromosome Walking.app */;
			productType = "com.apple.product-type.application";
		};
		2A05EC5A27B021A500B38894 /* Tests iOS */ = {
			isa = PBXNativeTarget;
			buildConfigurationList = 2A05EC7D27B021A500B38894 /* Build configuration list for PBXNativeTarget "Tests iOS" */;
			buildPhases = (
				2A05EC5727B021A500B38894 /* Sources */,
				2A05EC5827B021A500B38894 /* Frameworks */,
				2A05EC5927B021A500B38894 /* Resources */,
			);
			buildRules = (
			);
			dependencies = (
				2A05EC5D27B021A500B38894 /* PBXTargetDependency */,
			);
			name = "Tests iOS";
			productName = "Tests iOS";
			productReference = 2A05EC5B27B021A500B38894 /* Tests iOS.xctest */;
			productType = "com.apple.product-type.bundle.ui-testing";
		};
		2A05EC6627B021A500B38894 /* Tests macOS */ = {
			isa = PBXNativeTarget;
			buildConfigurationList = 2A05EC8027B021A500B38894 /* Build configuration list for PBXNativeTarget "Tests macOS" */;
			buildPhases = (
				2A05EC6327B021A500B38894 /* Sources */,
				2A05EC6427B021A500B38894 /* Frameworks */,
				2A05EC6527B021A500B38894 /* Resources */,
			);
			buildRules = (
			);
			dependencies = (
				2A05EC6927B021A500B38894 /* PBXTargetDependency */,
			);
			name = "Tests macOS";
			productName = "Tests macOS";
			productReference = 2A05EC6727B021A500B38894 /* Tests macOS.xctest */;
			productType = "com.apple.product-type.bundle.ui-testing";
		};
/* End PBXNativeTarget section */

/* Begin PBXProject section */
		2A05EC4227B021A500B38894 /* Project object */ = {
			isa = PBXProject;
			attributes = {
				BuildIndependentTargetsInParallel = 1;
				LastSwiftUpdateCheck = 1320;
				LastUpgradeCheck = 1320;
				TargetAttributes = {
					2A05EC4D27B021A500B38894 = {
						CreatedOnToolsVersion = 13.2.1;
					};
					2A05EC5327B021A500B38894 = {
						CreatedOnToolsVersion = 13.2.1;
					};
					2A05EC5A27B021A500B38894 = {
						CreatedOnToolsVersion = 13.2.1;
						TestTargetID = 2A05EC4D27B021A500B38894;
					};
					2A05EC6627B021A500B38894 = {
						CreatedOnToolsVersion = 13.2.1;
						TestTargetID = 2A05EC5327B021A500B38894;
					};
				};
			};
			buildConfigurationList = 2A05EC4527B021A500B38894 /* Build configuration list for PBXProject "Chromosome Walking" */;
			compatibilityVersion = "Xcode 13.0";
			developmentRegion = en;
			hasScannedForEncodings = 0;
			knownRegions = (
				en,
				Base,
			);
			mainGroup = 2A05EC4127B021A500B38894;
			productRefGroup = 2A05EC4F27B021A500B38894 /* Products */;
			projectDirPath = "";
			projectRoot = "";
			targets = (
				2A05EC4D27B021A500B38894 /* Chromosome Walking (iOS) */,
				2A05EC5327B021A500B38894 /* Chromosome Walking (macOS) */,
				2A05EC5A27B021A500B38894 /* Tests iOS */,
				2A05EC6627B021A500B38894 /* Tests macOS */,
			);
		};
/* End PBXProject section */

/* Begin PBXResourcesBuildPhase section */
		2A05EC4C27B021A500B38894 /* Resources */ = {
			isa = PBXResourcesBuildPhase;
			buildActionMask = 2147483647;
			files = (
				2A05EC7327B021A500B38894 /* Assets.xcassets in Resources */,
			);
			runOnlyForDeploymentPostprocessing = 0;
		};
		2A05EC5227B021A500B38894 /* Resources */ = {
			isa = PBXResourcesBuildPhase;
			buildActionMask = 2147483647;
			files = (
				2A05EC7427B021A500B38894 /* Assets.xcassets in Resources */,
			);
			runOnlyForDeploymentPostprocessing = 0;
		};
		2A05EC5927B021A500B38894 /* Resources */ = {
			isa = PBXResourcesBuildPhase;
			buildActionMask = 2147483647;
			files = (
			);
			runOnlyForDeploymentPostprocessing = 0;
		};
		2A05EC6527B021A500B38894 /* Resources */ = {
			isa = PBXResourcesBuildPhase;
			buildActionMask = 2147483647;
			files = (
			);
			runOnlyForDeploymentPostprocessing = 0;
		};
/* End PBXResourcesBuildPhase section */

/* Begin PBXSourcesBuildPhase section */
		2A05EC4A27B021A500B38894 /* Sources */ = {
			isa = PBXSourcesBuildPhase;
			buildActionMask = 2147483647;
			files = (
				2A05ECB827B0223B00B38894 /* Random.swift in Sources */,
				2A05ECCE27B0223B00B38894 /* MatrixAlgebra.swift in Sources */,
				2A05ECB027B0223B00B38894 /* CGSize.swift in Sources */,
				2A05ECBC27B0223B00B38894 /* VectorConvertable.swift in Sources */,
				2A05EC7127B021A500B38894 /* ContentView.swift in Sources */,
				2A05ECCA27B0223B00B38894 /* Matrix.swift in Sources */,
				2A05ECBE27B0223B00B38894 /* RangeEnum.swift in Sources */,
				2A05ECC827B0223B00B38894 /* MatrixMatrixOperations.swift in Sources */,
				2A05ECE627B0223B00B38894 /* Edge2D.swift in Sources */,
				2A05EC6F27B021A500B38894 /* Chromosome_WalkingApp.swift in Sources */,
				2A05ECD627B0223B00B38894 /* GraphSceneDelegate.swift in Sources */,
				2A05ECCC27B0223B00B38894 /* MatrixScalarOperators.swift in Sources */,
				2A05ECD827B0223B00B38894 /* Node2D.swift in Sources */,
				2A05ECB227B0223B00B38894 /* Array+Node2D.swift in Sources */,
				2A05ECBA27B0223B00B38894 /* VectorScalarOperators.swift in Sources */,
				2A05ECC227B0223B00B38894 /* VectorVectorOperators.swift in Sources */,
				2A05ECD027B0223B00B38894 /* GraphLayoutMenu.swift in Sources */,
				2A05ECF027B027DF00B38894 /* DataStore.swift in Sources */,
				2A05ECF327B0500F00B38894 /* GraphSpriteView.swift in Sources */,
				2A05ECD227B0223B00B38894 /* GraphScene.swift in Sources */,
				2A05ECC427B0223B00B38894 /* Operators.swift in Sources */,
				2A05ECB427B0223B00B38894 /* CGPoint.swift in Sources */,
				2A05ECDE27B0223B00B38894 /* layoutNodesCircular.swift in Sources */,
				2A05ECC627B0223B00B38894 /* MatrixConvertable.swift in Sources */,
				2A05ECD427B0223B00B38894 /* Graph.swift in Sources */,
				2A05ECE227B0223B00B38894 /* LayoutType.swift in Sources */,
				2A05ECAE27B0223B00B38894 /* Notification.Name.swift in Sources */,
				2A05ECC027B0223B00B38894 /* Vector.swift in Sources */,
				2A05ECDA27B0223B00B38894 /* layoutNodesEigenvalue.swift in Sources */,
				2A05ECE027B0223B00B38894 /* rotateNodePositions.swift in Sources */,
				2A05ECE427B0223B00B38894 /* layoutNodesFruchterman.swift in Sources */,
				2A05ECDC27B0223B00B38894 /* layoutNodesRandom.swift in Sources */,
				2A05ECB627B0223B00B38894 /* rSourceConvertible.swift in Sources */,
			);
			runOnlyForDeploymentPostprocessing = 0;
		};
		2A05EC5027B021A500B38894 /* Sources */ = {
			isa = PBXSourcesBuildPhase;
			buildActionMask = 2147483647;
			files = (
				2A05ECB927B0223B00B38894 /* Random.swift in Sources */,
				2A05ECCF27B0223B00B38894 /* MatrixAlgebra.swift in Sources */,
				2A05ECB127B0223B00B38894 /* CGSize.swift in Sources */,
				2A05ECBD27B0223B00B38894 /* VectorConvertable.swift in Sources */,
				2A05ECF127B027DF00B38894 /* DataStore.swift in Sources */,
				2A05EC7227B021A500B38894 /* ContentView.swift in Sources */,
				2A05ECCB27B0223B00B38894 /* Matrix.swift in Sources */,
				2A05ECBF27B0223B00B38894 /* RangeEnum.swift in Sources */,
				2A05ECC927B0223B00B38894 /* MatrixMatrixOperations.swift in Sources */,
				2A05ECE727B0223B00B38894 /* Edge2D.swift in Sources */,
				2A05EC7027B021A500B38894 /* Chromosome_WalkingApp.swift in Sources */,
				2A05ECD727B0223B00B38894 /* GraphSceneDelegate.swift in Sources */,
				2A05ECF427B0500F00B38894 /* GraphSpriteView.swift in Sources */,
				2A05ECCD27B0223B00B38894 /* MatrixScalarOperators.swift in Sources */,
				2A05ECD927B0223B00B38894 /* Node2D.swift in Sources */,
				2A05ECB327B0223B00B38894 /* Array+Node2D.swift in Sources */,
				2A05ECBB27B0223B00B38894 /* VectorScalarOperators.swift in Sources */,
				2A05ECC327B0223B00B38894 /* VectorVectorOperators.swift in Sources */,
				2A05ECD127B0223B00B38894 /* GraphLayoutMenu.swift in Sources */,
				2A05ECD327B0223B00B38894 /* GraphScene.swift in Sources */,
				2A05ECC527B0223B00B38894 /* Operators.swift in Sources */,
				2A05ECB527B0223B00B38894 /* CGPoint.swift in Sources */,
				2A05ECDF27B0223B00B38894 /* layoutNodesCircular.swift in Sources */,
				2A05ECC727B0223B00B38894 /* MatrixConvertable.swift in Sources */,
				2A05ECD527B0223B00B38894 /* Graph.swift in Sources */,
				2A05ECE927B0223B00B38894 /* GraphView.swift in Sources */,
				2A05ECE327B0223B00B38894 /* LayoutType.swift in Sources */,
				2A05ECAF27B0223B00B38894 /* Notification.Name.swift in Sources */,
				2A05ECC127B0223B00B38894 /* Vector.swift in Sources */,
				2A05ECDB27B0223B00B38894 /* layoutNodesEigenvalue.swift in Sources */,
				2A05ECE127B0223B00B38894 /* rotateNodePositions.swift in Sources */,
				2A05ECE527B0223B00B38894 /* layoutNodesFruchterman.swift in Sources */,
				2A05ECDD27B0223B00B38894 /* layoutNodesRandom.swift in Sources */,
				2A05ECB727B0223B00B38894 /* rSourceConvertible.swift in Sources */,
			);
			runOnlyForDeploymentPostprocessing = 0;
		};
		2A05EC5727B021A500B38894 /* Sources */ = {
			isa = PBXSourcesBuildPhase;
			buildActionMask = 2147483647;
			files = (
				2A05EC6227B021A500B38894 /* Tests_iOSLaunchTests.swift in Sources */,
				2A05EC6027B021A500B38894 /* Tests_iOS.swift in Sources */,
			);
			runOnlyForDeploymentPostprocessing = 0;
		};
		2A05EC6327B021A500B38894 /* Sources */ = {
			isa = PBXSourcesBuildPhase;
			buildActionMask = 2147483647;
			files = (
				2A05EC6E27B021A500B38894 /* Tests_macOSLaunchTests.swift in Sources */,
				2A05EC6C27B021A500B38894 /* Tests_macOS.swift in Sources */,
			);
			runOnlyForDeploymentPostprocessing = 0;
		};
/* End PBXSourcesBuildPhase section */

/* Begin PBXTargetDependency section */
		2A05EC5D27B021A500B38894 /* PBXTargetDependency */ = {
			isa = PBXTargetDependency;
			target = 2A05EC4D27B021A500B38894 /* Chromosome Walking (iOS) */;
			targetProxy = 2A05EC5C27B021A500B38894 /* PBXContainerItemProxy */;
		};
		2A05EC6927B021A500B38894 /* PBXTargetDependency */ = {
			isa = PBXTargetDependency;
			target = 2A05EC5327B021A500B38894 /* Chromosome Walking (macOS) */;
			targetProxy = 2A05EC6827B021A500B38894 /* PBXContainerItemProxy */;
		};
/* End PBXTargetDependency section */

/* Begin XCBuildConfiguration section */
		2A05EC7527B021A500B38894 /* Debug */ = {
			isa = XCBuildConfiguration;
			buildSettings = {
				ALWAYS_SEARCH_USER_PATHS = NO;
				CLANG_ANALYZER_NONNULL = YES;
				CLANG_ANALYZER_NUMBER_OBJECT_CONVERSION = YES_AGGRESSIVE;
				CLANG_CXX_LANGUAGE_STANDARD = "gnu++17";
				CLANG_CXX_LIBRARY = "libc++";
				CLANG_ENABLE_MODULES = YES;
				CLANG_ENABLE_OBJC_ARC = YES;
				CLANG_ENABLE_OBJC_WEAK = YES;
				CLANG_WARN_BLOCK_CAPTURE_AUTORELEASING = YES;
				CLANG_WARN_BOOL_CONVERSION = YES;
				CLANG_WARN_COMMA = YES;
				CLANG_WARN_CONSTANT_CONVERSION = YES;
				CLANG_WARN_DEPRECATED_OBJC_IMPLEMENTATIONS = YES;
				CLANG_WARN_DIRECT_OBJC_ISA_USAGE = YES_ERROR;
				CLANG_WARN_DOCUMENTATION_COMMENTS = YES;
				CLANG_WARN_EMPTY_BODY = YES;
				CLANG_WARN_ENUM_CONVERSION = YES;
				CLANG_WARN_INFINITE_RECURSION = YES;
				CLANG_WARN_INT_CONVERSION = YES;
				CLANG_WARN_NON_LITERAL_NULL_CONVERSION = YES;
				CLANG_WARN_OBJC_IMPLICIT_RETAIN_SELF = YES;
				CLANG_WARN_OBJC_LITERAL_CONVERSION = YES;
				CLANG_WARN_OBJC_ROOT_CLASS = YES_ERROR;
				CLANG_WARN_QUOTED_INCLUDE_IN_FRAMEWORK_HEADER = YES;
				CLANG_WARN_RANGE_LOOP_ANALYSIS = YES;
				CLANG_WARN_STRICT_PROTOTYPES = YES;
				CLANG_WARN_SUSPICIOUS_MOVE = YES;
				CLANG_WARN_UNGUARDED_AVAILABILITY = YES_AGGRESSIVE;
				CLANG_WARN_UNREACHABLE_CODE = YES;
				CLANG_WARN__DUPLICATE_METHOD_MATCH = YES;
				COPY_PHASE_STRIP = NO;
				DEBUG_INFORMATION_FORMAT = dwarf;
				ENABLE_STRICT_OBJC_MSGSEND = YES;
				ENABLE_TESTABILITY = YES;
				GCC_C_LANGUAGE_STANDARD = gnu11;
				GCC_DYNAMIC_NO_PIC = NO;
				GCC_NO_COMMON_BLOCKS = YES;
				GCC_OPTIMIZATION_LEVEL = 0;
				GCC_PREPROCESSOR_DEFINITIONS = (
					"DEBUG=1",
					"$(inherited)",
				);
				GCC_WARN_64_TO_32_BIT_CONVERSION = YES;
				GCC_WARN_ABOUT_RETURN_TYPE = YES_ERROR;
				GCC_WARN_UNDECLARED_SELECTOR = YES;
				GCC_WARN_UNINITIALIZED_AUTOS = YES_AGGRESSIVE;
				GCC_WARN_UNUSED_FUNCTION = YES;
				GCC_WARN_UNUSED_VARIABLE = YES;
				IPHONEOS_DEPLOYMENT_TARGET = 15.2;
				MACOSX_DEPLOYMENT_TARGET = 12.2;
				MTL_ENABLE_DEBUG_INFO = INCLUDE_SOURCE;
				MTL_FAST_MATH = YES;
				ONLY_ACTIVE_ARCH = YES;
				SWIFT_ACTIVE_COMPILATION_CONDITIONS = DEBUG;
				SWIFT_OPTIMIZATION_LEVEL = "-Onone";
			};
			name = Debug;
		};
		2A05EC7627B021A500B38894 /* Release */ = {
			isa = XCBuildConfiguration;
			buildSettings = {
				ALWAYS_SEARCH_USER_PATHS = NO;
				CLANG_ANALYZER_NONNULL = YES;
				CLANG_ANALYZER_NUMBER_OBJECT_CONVERSION = YES_AGGRESSIVE;
				CLANG_CXX_LANGUAGE_STANDARD = "gnu++17";
				CLANG_CXX_LIBRARY = "libc++";
				CLANG_ENABLE_MODULES = YES;
				CLANG_ENABLE_OBJC_ARC = YES;
				CLANG_ENABLE_OBJC_WEAK = YES;
				CLANG_WARN_BLOCK_CAPTURE_AUTORELEASING = YES;
				CLANG_WARN_BOOL_CONVERSION = YES;
				CLANG_WARN_COMMA = YES;
				CLANG_WARN_CONSTANT_CONVERSION = YES;
				CLANG_WARN_DEPRECATED_OBJC_IMPLEMENTATIONS = YES;
				CLANG_WARN_DIRECT_OBJC_ISA_USAGE = YES_ERROR;
				CLANG_WARN_DOCUMENTATION_COMMENTS = YES;
				CLANG_WARN_EMPTY_BODY = YES;
				CLANG_WARN_ENUM_CONVERSION = YES;
				CLANG_WARN_INFINITE_RECURSION = YES;
				CLANG_WARN_INT_CONVERSION = YES;
				CLANG_WARN_NON_LITERAL_NULL_CONVERSION = YES;
				CLANG_WARN_OBJC_IMPLICIT_RETAIN_SELF = YES;
				CLANG_WARN_OBJC_LITERAL_CONVERSION = YES;
				CLANG_WARN_OBJC_ROOT_CLASS = YES_ERROR;
				CLANG_WARN_QUOTED_INCLUDE_IN_FRAMEWORK_HEADER = YES;
				CLANG_WARN_RANGE_LOOP_ANALYSIS = YES;
				CLANG_WARN_STRICT_PROTOTYPES = YES;
				CLANG_WARN_SUSPICIOUS_MOVE = YES;
				CLANG_WARN_UNGUARDED_AVAILABILITY = YES_AGGRESSIVE;
				CLANG_WARN_UNREACHABLE_CODE = YES;
				CLANG_WARN__DUPLICATE_METHOD_MATCH = YES;
				COPY_PHASE_STRIP = NO;
				DEBUG_INFORMATION_FORMAT = "dwarf-with-dsym";
				ENABLE_NS_ASSERTIONS = NO;
				ENABLE_STRICT_OBJC_MSGSEND = YES;
				GCC_C_LANGUAGE_STANDARD = gnu11;
				GCC_NO_COMMON_BLOCKS = YES;
				GCC_WARN_64_TO_32_BIT_CONVERSION = YES;
				GCC_WARN_ABOUT_RETURN_TYPE = YES_ERROR;
				GCC_WARN_UNDECLARED_SELECTOR = YES;
				GCC_WARN_UNINITIALIZED_AUTOS = YES_AGGRESSIVE;
				GCC_WARN_UNUSED_FUNCTION = YES;
				GCC_WARN_UNUSED_VARIABLE = YES;
				IPHONEOS_DEPLOYMENT_TARGET = 15.2;
				MACOSX_DEPLOYMENT_TARGET = 12.2;
				MTL_ENABLE_DEBUG_INFO = NO;
				MTL_FAST_MATH = YES;
				SWIFT_COMPILATION_MODE = wholemodule;
				SWIFT_OPTIMIZATION_LEVEL = "-O";
			};
			name = Release;
		};
		2A05EC7827B021A500B38894 /* Debug */ = {
			isa = XCBuildConfiguration;
			buildSettings = {
				ASSETCATALOG_COMPILER_APPICON_NAME = AppIcon;
				ASSETCATALOG_COMPILER_GLOBAL_ACCENT_COLOR_NAME = AccentColor;
				CODE_SIGN_STYLE = Automatic;
				CURRENT_PROJECT_VERSION = 1;
				DEVELOPMENT_TEAM = 3L9D67FVN7;
				ENABLE_PREVIEWS = YES;
				GENERATE_INFOPLIST_FILE = YES;
				INFOPLIST_KEY_UIApplicationSceneManifest_Generation = YES;
				INFOPLIST_KEY_UIApplicationSupportsIndirectInputEvents = YES;
				INFOPLIST_KEY_UILaunchScreen_Generation = YES;
				INFOPLIST_KEY_UISupportedInterfaceOrientations_iPad = "UIInterfaceOrientationPortrait UIInterfaceOrientationPortraitUpsideDown UIInterfaceOrientationLandscapeLeft UIInterfaceOrientationLandscapeRight";
				INFOPLIST_KEY_UISupportedInterfaceOrientations_iPhone = "UIInterfaceOrientationPortrait UIInterfaceOrientationLandscapeLeft UIInterfaceOrientationLandscapeRight";
				IPHONEOS_DEPLOYMENT_TARGET = 15.2;
				LD_RUNPATH_SEARCH_PATHS = (
					"$(inherited)",
					"@executable_path/Frameworks",
				);
				MARKETING_VERSION = 1.0;
				PRODUCT_BUNDLE_IDENTIFIER = "com.dyerlab.popgraph.Chromosome-Walking";
				PRODUCT_NAME = "Chromosome Walking";
				SDKROOT = iphoneos;
				SWIFT_EMIT_LOC_STRINGS = YES;
				SWIFT_VERSION = 5.0;
				TARGETED_DEVICE_FAMILY = "1,2";
			};
			name = Debug;
		};
		2A05EC7927B021A500B38894 /* Release */ = {
			isa = XCBuildConfiguration;
			buildSettings = {
				ASSETCATALOG_COMPILER_APPICON_NAME = AppIcon;
				ASSETCATALOG_COMPILER_GLOBAL_ACCENT_COLOR_NAME = AccentColor;
				CODE_SIGN_STYLE = Automatic;
				CURRENT_PROJECT_VERSION = 1;
				DEVELOPMENT_TEAM = 3L9D67FVN7;
				ENABLE_PREVIEWS = YES;
				GENERATE_INFOPLIST_FILE = YES;
				INFOPLIST_KEY_UIApplicationSceneManifest_Generation = YES;
				INFOPLIST_KEY_UIApplicationSupportsIndirectInputEvents = YES;
				INFOPLIST_KEY_UILaunchScreen_Generation = YES;
				INFOPLIST_KEY_UISupportedInterfaceOrientations_iPad = "UIInterfaceOrientationPortrait UIInterfaceOrientationPortraitUpsideDown UIInterfaceOrientationLandscapeLeft UIInterfaceOrientationLandscapeRight";
				INFOPLIST_KEY_UISupportedInterfaceOrientations_iPhone = "UIInterfaceOrientationPortrait UIInterfaceOrientationLandscapeLeft UIInterfaceOrientationLandscapeRight";
				IPHONEOS_DEPLOYMENT_TARGET = 15.2;
				LD_RUNPATH_SEARCH_PATHS = (
					"$(inherited)",
					"@executable_path/Frameworks",
				);
				MARKETING_VERSION = 1.0;
				PRODUCT_BUNDLE_IDENTIFIER = "com.dyerlab.popgraph.Chromosome-Walking";
				PRODUCT_NAME = "Chromosome Walking";
				SDKROOT = iphoneos;
				SWIFT_EMIT_LOC_STRINGS = YES;
				SWIFT_VERSION = 5.0;
				TARGETED_DEVICE_FAMILY = "1,2";
				VALIDATE_PRODUCT = YES;
			};
			name = Release;
		};
		2A05EC7B27B021A500B38894 /* Debug */ = {
			isa = XCBuildConfiguration;
			buildSettings = {
				ASSETCATALOG_COMPILER_APPICON_NAME = AppIcon;
				ASSETCATALOG_COMPILER_GLOBAL_ACCENT_COLOR_NAME = AccentColor;
				CODE_SIGN_ENTITLEMENTS = macOS/macOS.entitlements;
				CODE_SIGN_STYLE = Automatic;
				COMBINE_HIDPI_IMAGES = YES;
				CURRENT_PROJECT_VERSION = 1;
				DEVELOPMENT_TEAM = 3L9D67FVN7;
				ENABLE_HARDENED_RUNTIME = YES;
				ENABLE_PREVIEWS = YES;
				GENERATE_INFOPLIST_FILE = YES;
				INFOPLIST_KEY_NSHumanReadableCopyright = "";
				LD_RUNPATH_SEARCH_PATHS = (
					"$(inherited)",
					"@executable_path/../Frameworks",
				);
				MACOSX_DEPLOYMENT_TARGET = 12.1;
				MARKETING_VERSION = 1.0;
				PRODUCT_BUNDLE_IDENTIFIER = "com.dyerlab.popgraph.Chromosome-Walking";
				PRODUCT_NAME = "Chromosome Walking";
				SDKROOT = macosx;
				SWIFT_EMIT_LOC_STRINGS = YES;
				SWIFT_VERSION = 5.0;
			};
			name = Debug;
		};
		2A05EC7C27B021A500B38894 /* Release */ = {
			isa = XCBuildConfiguration;
			buildSettings = {
				ASSETCATALOG_COMPILER_APPICON_NAME = AppIcon;
				ASSETCATALOG_COMPILER_GLOBAL_ACCENT_COLOR_NAME = AccentColor;
				CODE_SIGN_ENTITLEMENTS = macOS/macOS.entitlements;
				CODE_SIGN_STYLE = Automatic;
				COMBINE_HIDPI_IMAGES = YES;
				CURRENT_PROJECT_VERSION = 1;
				DEVELOPMENT_TEAM = 3L9D67FVN7;
				ENABLE_HARDENED_RUNTIME = YES;
				ENABLE_PREVIEWS = YES;
				GENERATE_INFOPLIST_FILE = YES;
				INFOPLIST_KEY_NSHumanReadableCopyright = "";
				LD_RUNPATH_SEARCH_PATHS = (
					"$(inherited)",
					"@executable_path/../Frameworks",
				);
				MACOSX_DEPLOYMENT_TARGET = 12.1;
				MARKETING_VERSION = 1.0;
				PRODUCT_BUNDLE_IDENTIFIER = "com.dyerlab.popgraph.Chromosome-Walking";
				PRODUCT_NAME = "Chromosome Walking";
				SDKROOT = macosx;
				SWIFT_EMIT_LOC_STRINGS = YES;
				SWIFT_VERSION = 5.0;
			};
			name = Release;
		};
		2A05EC7E27B021A500B38894 /* Debug */ = {
			isa = XCBuildConfiguration;
			buildSettings = {
				ALWAYS_EMBED_SWIFT_STANDARD_LIBRARIES = YES;
				CODE_SIGN_STYLE = Automatic;
				CURRENT_PROJECT_VERSION = 1;
				DEVELOPMENT_TEAM = 3L9D67FVN7;
				GENERATE_INFOPLIST_FILE = YES;
				IPHONEOS_DEPLOYMENT_TARGET = 15.2;
				MARKETING_VERSION = 1.0;
				PRODUCT_BUNDLE_IDENTIFIER = "com.dyerlab.popgraph.Tests-iOS";
				PRODUCT_NAME = "$(TARGET_NAME)";
				SDKROOT = iphoneos;
				SWIFT_EMIT_LOC_STRINGS = NO;
				SWIFT_VERSION = 5.0;
				TARGETED_DEVICE_FAMILY = "1,2";
				TEST_TARGET_NAME = "Chromosome Walking (iOS)";
			};
			name = Debug;
		};
		2A05EC7F27B021A500B38894 /* Release */ = {
			isa = XCBuildConfiguration;
			buildSettings = {
				ALWAYS_EMBED_SWIFT_STANDARD_LIBRARIES = YES;
				CODE_SIGN_STYLE = Automatic;
				CURRENT_PROJECT_VERSION = 1;
				DEVELOPMENT_TEAM = 3L9D67FVN7;
				GENERATE_INFOPLIST_FILE = YES;
				IPHONEOS_DEPLOYMENT_TARGET = 15.2;
				MARKETING_VERSION = 1.0;
				PRODUCT_BUNDLE_IDENTIFIER = "com.dyerlab.popgraph.Tests-iOS";
				PRODUCT_NAME = "$(TARGET_NAME)";
				SDKROOT = iphoneos;
				SWIFT_EMIT_LOC_STRINGS = NO;
				SWIFT_VERSION = 5.0;
				TARGETED_DEVICE_FAMILY = "1,2";
				TEST_TARGET_NAME = "Chromosome Walking (iOS)";
				VALIDATE_PRODUCT = YES;
			};
			name = Release;
		};
		2A05EC8127B021A500B38894 /* Debug */ = {
			isa = XCBuildConfiguration;
			buildSettings = {
				ALWAYS_EMBED_SWIFT_STANDARD_LIBRARIES = YES;
				CODE_SIGN_STYLE = Automatic;
				CURRENT_PROJECT_VERSION = 1;
				DEVELOPMENT_TEAM = 3L9D67FVN7;
				GENERATE_INFOPLIST_FILE = YES;
				MACOSX_DEPLOYMENT_TARGET = 12.1;
				MARKETING_VERSION = 1.0;
				PRODUCT_BUNDLE_IDENTIFIER = "com.dyerlab.popgraph.Tests-macOS";
				PRODUCT_NAME = "$(TARGET_NAME)";
				SDKROOT = macosx;
				SWIFT_EMIT_LOC_STRINGS = NO;
				SWIFT_VERSION = 5.0;
				TEST_TARGET_NAME = "Chromosome Walking (macOS)";
			};
			name = Debug;
		};
		2A05EC8227B021A500B38894 /* Release */ = {
			isa = XCBuildConfiguration;
			buildSettings = {
				ALWAYS_EMBED_SWIFT_STANDARD_LIBRARIES = YES;
				CODE_SIGN_STYLE = Automatic;
				CURRENT_PROJECT_VERSION = 1;
				DEVELOPMENT_TEAM = 3L9D67FVN7;
				GENERATE_INFOPLIST_FILE = YES;
				MACOSX_DEPLOYMENT_TARGET = 12.1;
				MARKETING_VERSION = 1.0;
				PRODUCT_BUNDLE_IDENTIFIER = "com.dyerlab.popgraph.Tests-macOS";
				PRODUCT_NAME = "$(TARGET_NAME)";
				SDKROOT = macosx;
				SWIFT_EMIT_LOC_STRINGS = NO;
				SWIFT_VERSION = 5.0;
				TEST_TARGET_NAME = "Chromosome Walking (macOS)";
			};
			name = Release;
		};
/* End XCBuildConfiguration section */

/* Begin XCConfigurationList section */
		2A05EC4527B021A500B38894 /* Build configuration list for PBXProject "Chromosome Walking" */ = {
			isa = XCConfigurationList;
			buildConfigurations = (
				2A05EC7527B021A500B38894 /* Debug */,
				2A05EC7627B021A500B38894 /* Release */,
			);
			defaultConfigurationIsVisible = 0;
			defaultConfigurationName = Release;
		};
		2A05EC7727B021A500B38894 /* Build configuration list for PBXNativeTarget "Chromosome Walking (iOS)" */ = {
			isa = XCConfigurationList;
			buildConfigurations = (
				2A05EC7827B021A500B38894 /* Debug */,
				2A05EC7927B021A500B38894 /* Release */,
			);
			defaultConfigurationIsVisible = 0;
			defaultConfigurationName = Release;
		};
		2A05EC7A27B021A500B38894 /* Build configuration list for PBXNativeTarget "Chromosome Walking (macOS)" */ = {
			isa = XCConfigurationList;
			buildConfigurations = (
				2A05EC7B27B021A500B38894 /* Debug */,
				2A05EC7C27B021A500B38894 /* Release */,
			);
			defaultConfigurationIsVisible = 0;
			defaultConfigurationName = Release;
		};
		2A05EC7D27B021A500B38894 /* Build configuration list for PBXNativeTarget "Tests iOS" */ = {
			isa = XCConfigurationList;
			buildConfigurations = (
				2A05EC7E27B021A500B38894 /* Debug */,
				2A05EC7F27B021A500B38894 /* Release */,
			);
			defaultConfigurationIsVisible = 0;
			defaultConfigurationName = Release;
		};
		2A05EC8027B021A500B38894 /* Build configuration list for PBXNativeTarget "Tests macOS" */ = {
			isa = XCConfigurationList;
			buildConfigurations = (
				2A05EC8127B021A500B38894 /* Debug */,
				2A05EC8227B021A500B38894 /* Release */,
			);
			defaultConfigurationIsVisible = 0;
			defaultConfigurationName = Release;
		};
/* End XCConfigurationList section */
	};
	rootObject = 2A05EC4227B021A500B38894 /* Project object */;
}
